
Microsoft Visual Studio Solution File, Format Version 12.00
# Visual Studio 14
VisualStudioVersion = 14.0.25123.0
MinimumVisualStudioVersion = 10.0.40219.1
Project("{2150E333-8FDC-42A3-9474-1A3956D46DE8}") = "Common", "Common", "{F63DA620-5FD9-4E0A-855E-6A838B861348}"
EndProject
Project("{2150E333-8FDC-42A3-9474-1A3956D46DE8}") = "Infrastructure", "Infrastructure", "{E499C707-9A41-4DAA-B37D-15724B7E0B3F}"
EndProject
Project("{FAE04EC0-301F-11D3-BF4B-00C04F79EFBC}") = "Common", "Common\Common\Common.csproj", "{991BFEDD-C5D6-4A01-8138-682A0D6115F3}"
EndProject
Project("{FAE04EC0-301F-11D3-BF4B-00C04F79EFBC}") = "Common.Tests", "Common\Common.Test\Common.Tests.csproj", "{7FB5C88E-0A1A-4795-AE28-EBCA2818A0F7}"
EndProject
Project("{2150E333-8FDC-42A3-9474-1A3956D46DE8}") = "Modules", "Modules", "{F405CCAE-C290-4184-B7D3-224D722F15A5}"
EndProject
Project("{FAE04EC0-301F-11D3-BF4B-00C04F79EFBC}") = "Modules.UI", "Modules\Modules.UI\Modules.UI.csproj", "{C073C935-A8E3-48FF-960B-1455CCC2B2EF}"
	ProjectSection(ProjectDependencies) = postProject
		{F9479F9C-3CE3-4FF4-AC83-131CC4C2A08A} = {F9479F9C-3CE3-4FF4-AC83-131CC4C2A08A}
	EndProjectSection
EndProject
Project("{FAE04EC0-301F-11D3-BF4B-00C04F79EFBC}") = "Modules.Core", "Modules\Modules.Core\Modules.Core.csproj", "{F9479F9C-3CE3-4FF4-AC83-131CC4C2A08A}"
	ProjectSection(ProjectDependencies) = postProject
		{F04A8801-FC8C-4F17-A7D9-81BDB2FDB24F} = {F04A8801-FC8C-4F17-A7D9-81BDB2FDB24F}
		{79150E12-0240-44A5-AE8E-C382C43089AA} = {79150E12-0240-44A5-AE8E-C382C43089AA}
		{856FE34A-8FA5-49E2-844F-FCDB03D1A255} = {856FE34A-8FA5-49E2-844F-FCDB03D1A255}
		{313B7C53-4CDE-46D1-88C5-21D31C8C4515} = {313B7C53-4CDE-46D1-88C5-21D31C8C4515}
		{9830B566-3513-4DA6-A579-2363ADCC3876} = {9830B566-3513-4DA6-A579-2363ADCC3876}
		{F5A0906D-DA7E-4435-935F-94451A574D0E} = {F5A0906D-DA7E-4435-935F-94451A574D0E}
		{AA9A9E6F-60F3-49C8-9F0C-2FF49EBD7F8D} = {AA9A9E6F-60F3-49C8-9F0C-2FF49EBD7F8D}
		{BA880595-0C26-4919-9DB3-E12D4FC0F440} = {BA880595-0C26-4919-9DB3-E12D4FC0F440}
		{FFEF44C8-789D-44FD-A3F2-A4F7E88F2DAB} = {FFEF44C8-789D-44FD-A3F2-A4F7E88F2DAB}
		{4518AECE-D29A-41BB-98C0-8C51AD4FA957} = {4518AECE-D29A-41BB-98C0-8C51AD4FA957}
		{C430CED6-9983-4A81-BABF-B028FBD293D9} = {C430CED6-9983-4A81-BABF-B028FBD293D9}
		{EB78BFEE-9E87-4C29-95EE-A4E7D6C670E6} = {EB78BFEE-9E87-4C29-95EE-A4E7D6C670E6}
	EndProjectSection
EndProject
Project("{FAE04EC0-301F-11D3-BF4B-00C04F79EFBC}") = "Modules.SA", "Modules\Modules.SA\Modules.SA.csproj", "{2D3B280B-25B6-4792-B535-1876D131838F}"
	ProjectSection(ProjectDependencies) = postProject
		{F9479F9C-3CE3-4FF4-AC83-131CC4C2A08A} = {F9479F9C-3CE3-4FF4-AC83-131CC4C2A08A}
	EndProjectSection
EndProject
Project("{2150E333-8FDC-42A3-9474-1A3956D46DE8}") = "Data", "Data", "{495983BF-2215-4B4D-AEDD-0602D479E56C}"
EndProject
Project("{2150E333-8FDC-42A3-9474-1A3956D46DE8}") = "Workflow", "Workflow", "{B5A8CC88-C675-4CED-ABD9-EC5187A877D4}"
EndProject
Project("{FAE04EC0-301F-11D3-BF4B-00C04F79EFBC}") = "Workflow.SA", "Workflow\Workflow.SA\Workflow.SA.csproj", "{14E2AA6A-CA52-45CA-987E-6FC6607C8066}"
EndProject
Project("{FAE04EC0-301F-11D3-BF4B-00C04F79EFBC}") = "Workflow", "Workflow\Workflow\Workflow.csproj", "{6D861959-1069-43D9-8C4D-D13535A4E09A}"
EndProject
Project("{00D1A9C2-B5F0-4AF3-8072-F6C62B433612}") = "Database", "Data\Database\Database.sqlproj", "{F9877CF7-85A1-4229-A9AF-4D5933050561}"
EndProject
Project("{FAE04EC0-301F-11D3-BF4B-00C04F79EFBC}") = "Repository", "Data\Repository\Repository.csproj", "{8DE5DBC1-AC8F-48AB-A5A9-9C119657CF8D}"
EndProject
Project("{FAE04EC0-301F-11D3-BF4B-00C04F79EFBC}") = "Modules.Core.Contracts", "Modules\Modules.Core.Contracts\Modules.Core.Contracts.csproj", "{CEB41129-4EAD-4209-90A1-97FD1BBE0441}"
EndProject
Project("{FAE04EC0-301F-11D3-BF4B-00C04F79EFBC}") = "Infrastructure.Engines", "Infrastructure\Infrastructure.Engines\Infrastructure.Engines.csproj", "{3E4FEB5C-54A1-4E94-B072-7DF67AFC897B}"
EndProject
Project("{FAE04EC0-301F-11D3-BF4B-00C04F79EFBC}") = "Modules.Core.Tests", "Modules\Modules.Core.Tests\Modules.Core.Tests.csproj", "{4A219CEA-1672-4E34-B0F5-8ACAC402B353}"
EndProject
Project("{FAE04EC0-301F-11D3-BF4B-00C04F79EFBC}") = "Infrastructure.Plugins", "Infrastructure\Infrastructure.Plugins\Infrastructure.Plugins.csproj", "{E680430D-057C-4088-971B-5D3DFA08685F}"
EndProject
Project("{FAE04EC0-301F-11D3-BF4B-00C04F79EFBC}") = "Infrastructure.Scheduler", "Infrastructure\infrastructure.Scheduler\Infrastructure.Scheduler.csproj", "{3F1D1F4B-602D-49A5-AFFE-2CE64FE80B71}"
EndProject
Project("{FAE04EC0-301F-11D3-BF4B-00C04F79EFBC}") = "Infrastructure.Scheduler.Tests", "Infrastructure\Infrastructure.Scheduler.Tests\Infrastructure.Scheduler.Tests.csproj", "{ABE20562-088B-4DE1-A9EF-BD8A2284E328}"
EndProject
Project("{FAE04EC0-301F-11D3-BF4B-00C04F79EFBC}") = "Infrastructure.AD", "Infrastructure\Infrastructure.AD\Infrastructure.AD.csproj", "{D9698140-F8B9-4F4F-945A-3513B482A923}"
EndProject
Project("{FAE04EC0-301F-11D3-BF4B-00C04F79EFBC}") = "Infrastructure.AD.Tests", "Infrastructure\Infrastructure.AD.Tests\Infrastructure.AD.Tests.csproj", "{D80BDB44-71D4-421C-A306-4AE5DDDECE3B}"
EndProject
Project("{FAE04EC0-301F-11D3-BF4B-00C04F79EFBC}") = "Infrastructure.Plugins.Tests", "Infrastructure\Infrastructure.Plugins.Tests\Infrastructure.Plugins.Tests.csproj", "{563F24EC-F97E-471B-8FC4-7ADE0A007DCA}"
EndProject
Project("{2150E333-8FDC-42A3-9474-1A3956D46DE8}") = "Plugins", "Plugins", "{71ED9C73-2875-4AAA-9179-B0F5975707F2}"
EndProject
Project("{FAE04EC0-301F-11D3-BF4B-00C04F79EFBC}") = "Plugins.GitHub.Vcs", "Plugins\Plugins.GitHub.Vcs\Plugins.GitHub.Vcs.csproj", "{313B7C53-4CDE-46D1-88C5-21D31C8C4515}"
EndProject
Project("{FAE04EC0-301F-11D3-BF4B-00C04F79EFBC}") = "Plugins.GitHub.It", "Plugins\Plugins.GitHub.It\Plugins.GitHub.It.csproj", "{BA880595-0C26-4919-9DB3-E12D4FC0F440}"
EndProject
Project("{FAE04EC0-301F-11D3-BF4B-00C04F79EFBC}") = "Plugins.GitHub.It.Tests", "Plugins\Plugins.GitHub.It.Tests\Plugins.GitHub.It.Tests.csproj", "{DC113742-61FC-49A0-B3DD-4E4FED5058DC}"
EndProject
Project("{FAE04EC0-301F-11D3-BF4B-00C04F79EFBC}") = "Plugins.GitHub.Vcs.Tests", "Plugins\Plugins.GitHub.Vcs.Tests\Plugins.GitHub.Vcs.Tests.csproj", "{FA216907-D90D-400D-93ED-D347EB10D203}"
EndProject
Project("{FAE04EC0-301F-11D3-BF4B-00C04F79EFBC}") = "Modules.SA.Tests", "Modules\Modules.SA.Tests\Modules.SA.Tests.csproj", "{79E72FB6-93C9-4FF1-8385-0C88320B370F}"
EndProject
Project("{FAE04EC0-301F-11D3-BF4B-00C04F79EFBC}") = "Infrastructure.Engines.Dsl", "Infrastructure\Infrastructure.Engines.Dsl\Infrastructure.Engines.Dsl.csproj", "{810CCB2C-DBC4-4186-A1D0-9F574B1B6C24}"
EndProject
Project("{FAE04EC0-301F-11D3-BF4B-00C04F79EFBC}") = "Infrastructure.Engines.Dsl.Tests", "Infrastructure\Infrastructure.Engines.Dsl.Tests\Infrastructure.Engines.Dsl.Tests.csproj", "{6C150125-9049-4C0D-A183-1E932F7FF21A}"
EndProject
Project("{FAE04EC0-301F-11D3-BF4B-00C04F79EFBC}") = "Plugins.GitHub", "Plugins\Plugins.GitHub\Plugins.GitHub.csproj", "{AA9A9E6F-60F3-49C8-9F0C-2FF49EBD7F8D}"
EndProject
Project("{FAE04EC0-301F-11D3-BF4B-00C04F79EFBC}") = "Infrastructure", "Infrastructure\Infrastructure\Infrastructure.csproj", "{EBDD610E-C30B-44C3-9056-77F57387CB46}"
EndProject
Project("{FAE04EC0-301F-11D3-BF4B-00C04F79EFBC}") = "Infrastructure.Tests", "Infrastructure\Infrastructure.Tests\Infrastructure.Tests.csproj", "{916E821F-F606-4E99-BEAB-0BC35A3372BC}"
EndProject
Project("{FAE04EC0-301F-11D3-BF4B-00C04F79EFBC}") = "Infrastructure.Engines.Tests", "Infrastructure\Infrastructure.Engines.Tests\Infrastructure.Engines.Tests.csproj", "{8F205387-D2C6-4374-9462-26C0778AF5E5}"
EndProject
Project("{FAE04EC0-301F-11D3-BF4B-00C04F79EFBC}") = "Workflow.GitHub", "Workflow\Workflow.GitHub\Workflow.GitHub.csproj", "{D5F4ADD6-44F9-4BC9-B99B-0E4B24237C73}"
EndProject
Project("{2150E333-8FDC-42A3-9474-1A3956D46DE8}") = "Setup", "Setup", "{2C78EBF1-288B-4255-B53F-009AE7366FD8}"
EndProject
Project("{2150E333-8FDC-42A3-9474-1A3956D46DE8}") = "UI", "UI", "{60F8D03D-D0F3-40BE-9509-5EC753F63A5E}"
EndProject
Project("{930C7802-8A8C-48F9-8165-68863BCCD9DD}") = "Setup.UI", "Setup\UI\Setup.UI\Setup.UI.wixproj", "{0C6E6EEC-D0F4-44B0-B1B3-C8258811E24A}"
	ProjectSection(ProjectDependencies) = postProject
		{F9479F9C-3CE3-4FF4-AC83-131CC4C2A08A} = {F9479F9C-3CE3-4FF4-AC83-131CC4C2A08A}
	EndProjectSection
EndProject
Project("{930C7802-8A8C-48F9-8165-68863BCCD9DD}") = "Setup.Core", "Setup\Core\Setup.Core\Setup.Core.wixproj", "{6C0911D7-2B4F-41A8-954F-56C28E8EA864}"
EndProject
Project("{2150E333-8FDC-42A3-9474-1A3956D46DE8}") = "Core", "Core", "{ADA2BED9-D077-4A5A-8CC2-6585386EE284}"
EndProject
Project("{930C7802-8A8C-48F9-8165-68863BCCD9DD}") = "Setup", "Setup\Setup\Setup.wixproj", "{664B80B0-3927-4E6E-A124-A549D514675C}"
EndProject
Project("{FAE04EC0-301F-11D3-BF4B-00C04F79EFBC}") = "Workflow.Tests", "Workflow\Workflow.Tests\Workflow.Tests.csproj", "{D952193A-42D9-4510-AB1C-53220807B920}"
EndProject
Project("{2150E333-8FDC-42A3-9474-1A3956D46DE8}") = "SA", "SA", "{47399A59-BF48-4783-A407-F9BA71234C5D}"
EndProject
Project("{930C7802-8A8C-48F9-8165-68863BCCD9DD}") = "Setup.SA", "Setup\SA\Setup.SA\Setup.SA.wixproj", "{013118D1-A09C-40E4-A7AA-D902E5CBAAA4}"
	ProjectSection(ProjectDependencies) = postProject
		{F9479F9C-3CE3-4FF4-AC83-131CC4C2A08A} = {F9479F9C-3CE3-4FF4-AC83-131CC4C2A08A}
	EndProjectSection
EndProject
Project("{FAE04EC0-301F-11D3-BF4B-00C04F79EFBC}") = "Plugins.GitHub.Load.Tests", "Plugins\Plugins.GitHub.Load.Tests\Plugins.GitHub.Load.Tests.csproj", "{2316E52C-8E63-49DB-84B3-A5C4BC01055F}"
EndProject
Project("{FAE04EC0-301F-11D3-BF4B-00C04F79EFBC}") = "Infrastructure.Plugins.Contracts", "Infrastructure\Infrastructure.Plugins.Contracts\Infrastructure.Plugins.Contracts.csproj", "{F1D55529-03A7-4A12-9BDD-E268EA4DE947}"
EndProject
Project("{FAE04EC0-301F-11D3-BF4B-00C04F79EFBC}") = "Repository.Tests", "Data\Repository.Tests\Repository.Tests.csproj", "{26FC1000-2984-4312-9009-C9BD513D649F}"
EndProject
Project("{FAE04EC0-301F-11D3-BF4B-00C04F79EFBC}") = "Infrastructure.UserInterface", "Infrastructure\Infrastructure.UserInterface\Infrastructure.UserInterface.csproj", "{245F195B-2A57-4B49-9A80-921BBCE69E59}"
EndProject
Project("{FAE04EC0-301F-11D3-BF4B-00C04F79EFBC}") = "DbMigrations", "Data\DbMigrations\DbMigrations.csproj", "{9512F56F-4060-4939-9D33-EBF8FF4E0BBE}"
EndProject
Project("{2150E333-8FDC-42A3-9474-1A3956D46DE8}") = "Solution Items", "Solution Items", "{A851F06E-7A72-408A-BE7B-81F83A459EDF}"
	ProjectSection(SolutionItems) = preProject
		AssemblyInfoGlobal.cs = AssemblyInfoGlobal.cs
		CodeAnalysisRules.ruleset = CodeAnalysisRules.ruleset
		Local.testsettings = Local.testsettings
		PackageVersions.txt = PackageVersions.txt
		SolutionBuild.txt = SolutionBuild.txt
	EndProjectSection
EndProject
Project("{FAE04EC0-301F-11D3-BF4B-00C04F79EFBC}") = "DbMigrations.Install", "Data\DbMigrations.Install\DbMigrations.Install.csproj", "{64EABC05-3CC5-4D39-9816-F7BCC0EDD178}"
EndProject
Project("{FAE04EC0-301F-11D3-BF4B-00C04F79EFBC}") = "DbUpdateCommon", "Data\DbUpdateCommon\DbUpdateCommon.csproj", "{833BB883-1C6D-4785-9C82-9EEA78165C23}"
EndProject
Project("{FAE04EC0-301F-11D3-BF4B-00C04F79EFBC}") = "Packages", "Data\Packages\Packages.csproj", "{456B13FD-2997-474C-B83A-FCC825DB2E0D}"
EndProject
Project("{2150E333-8FDC-42A3-9474-1A3956D46DE8}") = "Tests", "Tests", "{271FF224-751C-44D4-BF86-6F854D369A89}"
EndProject
Project("{FAE04EC0-301F-11D3-BF4B-00C04F79EFBC}") = "SolutionTests", "Tests\SolutionTests\SolutionTests.csproj", "{86C0FCBB-1991-4019-89E1-CFB61F308818}"
EndProject
Project("{FAE04EC0-301F-11D3-BF4B-00C04F79EFBC}") = "DbActions", "Data\DbActions\DbActions.csproj", "{EC7B26DE-2744-43DE-A9F2-6C75B52533CD}"
EndProject
Project("{FAE04EC0-301F-11D3-BF4B-00C04F79EFBC}") = "Infrastructure.Query", "Infrastructure\Infrastructure.Query\Infrastructure.Query.csproj", "{4ABDD478-E5AA-4985-9FE8-09FF1D02A16F}"
EndProject
Project("{FAE04EC0-301F-11D3-BF4B-00C04F79EFBC}") = "Infrastructure.Query.Tests", "Infrastructure\Infrastructure.Query.Tests\Infrastructure.Query.Tests.csproj", "{22E892CC-28F1-4B00-9B0B-1A1FAB547DBF}"
EndProject
Project("{FAE04EC0-301F-11D3-BF4B-00C04F79EFBC}") = "Infrastructure.RequestHandling", "Infrastructure\Infrastructure.RequestHandling\Infrastructure.RequestHandling.csproj", "{50B5AEAF-87B5-4A9E-85B0-0D65D5EF5B0C}"
EndProject
Project("{FAE04EC0-301F-11D3-BF4B-00C04F79EFBC}") = "Infrastructure.RequestHandling.Contracts", "Infrastructure\Infrastructure.RequestHandling.Contracts\Infrastructure.RequestHandling.Contracts.csproj", "{1935E830-DEEC-43A2-BD6E-276BB87844BC}"
EndProject
Project("{FAE04EC0-301F-11D3-BF4B-00C04F79EFBC}") = "PackageVersionsHelper", "Automation\PackageVersionsHelper\PackageVersionsHelper.csproj", "{77DCCFC9-4FFC-4A77-9D3D-CD7DF249F989}"
EndProject
Project("{2150E333-8FDC-42A3-9474-1A3956D46DE8}") = "Automation", "Automation", "{B4388191-42A6-43FD-B47F-4CDB5AE73062}"
EndProject
Project("{FAE04EC0-301F-11D3-BF4B-00C04F79EFBC}") = "Infrastructure.Rules", "Infrastructure\Infrastructure.Rules\Infrastructure.Rules.csproj", "{41359E0E-5455-46DC-A91D-4118277F967C}"
EndProject
Project("{FAE04EC0-301F-11D3-BF4B-00C04F79EFBC}") = "Infrastructure.Reports", "Infrastructure\Infrastructure.Reports\Infrastructure.Reports.csproj", "{8E6DB353-7298-4AD0-A8B7-3349E6EC8FA3}"
EndProject
Project("{FAE04EC0-301F-11D3-BF4B-00C04F79EFBC}") = "Infrastructure.Reports.Tests", "Infrastructure\Infrastructure.Reports.Tests\Infrastructure.Reports.Tests.csproj", "{FBEDD0DA-7B82-475B-85C7-57965730531D}"
EndProject
Project("{2150E333-8FDC-42A3-9474-1A3956D46DE8}") = "GitHub", "GitHub", "{65BA2AB5-710B-44A4-91E9-E7A078F1375E}"
EndProject
Project("{2150E333-8FDC-42A3-9474-1A3956D46DE8}") = "Tfs", "Tfs", "{58CAE62E-F582-4C22-B7F2-148E6C15678E}"
EndProject
Project("{FAE04EC0-301F-11D3-BF4B-00C04F79EFBC}") = "Plugins.Tfs", "Plugins\Plugins.Tfs\Plugins.Tfs.csproj", "{79150E12-0240-44A5-AE8E-C382C43089AA}"
EndProject
Project("{FAE04EC0-301F-11D3-BF4B-00C04F79EFBC}") = "Plugins.Tfs.Vcs", "Plugins\Plugins.Tfs.Vcs\Plugins.Tfs.Vcs.csproj", "{C430CED6-9983-4A81-BABF-B028FBD293D9}"
EndProject
Project("{FAE04EC0-301F-11D3-BF4B-00C04F79EFBC}") = "Plugins.Tfs.Vcs.Tests", "Plugins\Plugins.Tfs.Vcs.Tests\Plugins.Tfs.Vcs.Tests.csproj", "{EF3172A5-A40F-43E5-AE5D-43D5AB4E8657}"
EndProject
Project("{FAE04EC0-301F-11D3-BF4B-00C04F79EFBC}") = "Plugins.Tfs.It", "Plugins\Plugins.Tfs.It\Plugins.Tfs.It.csproj", "{4518AECE-D29A-41BB-98C0-8C51AD4FA957}"
EndProject
Project("{FAE04EC0-301F-11D3-BF4B-00C04F79EFBC}") = "Plugins.Tfs.It.Tests", "Plugins\Plugins.Tfs.It.Tests\Plugins.Tfs.It.Tests.csproj", "{51DFC0C8-213C-48FB-96E0-55B7629513FE}"
EndProject
Project("{2150E333-8FDC-42A3-9474-1A3956D46DE8}") = "Ftp", "Ftp", "{C0897F6F-726A-40BB-8138-336EAAFE4F5F}"
EndProject
Project("{FAE04EC0-301F-11D3-BF4B-00C04F79EFBC}") = "Plugins.Ftp", "Plugins\Plugins.Ftp\Plugins.Ftp.csproj", "{EB78BFEE-9E87-4C29-95EE-A4E7D6C670E6}"
EndProject
Project("{FAE04EC0-301F-11D3-BF4B-00C04F79EFBC}") = "Plugins.Ftp.Tests", "Plugins\Plugins.Ftp.Tests\Plugins.Ftp.Tests.csproj", "{34EAA3C5-2584-4236-95A8-08552821186E}"
EndProject
Project("{2150E333-8FDC-42A3-9474-1A3956D46DE8}") = "SharedFolder", "SharedFolder", "{A093BCDB-EB2A-4927-AEC8-CC4B4574F649}"
EndProject
Project("{FAE04EC0-301F-11D3-BF4B-00C04F79EFBC}") = "Plugins.SharedFolder", "Plugins\Plugins.SharedFolder\Plugins.SharedFolder.csproj", "{FFEF44C8-789D-44FD-A3F2-A4F7E88F2DAB}"
EndProject
Project("{FAE04EC0-301F-11D3-BF4B-00C04F79EFBC}") = "Plugins.SharedFolder.Tests", "Plugins\Plugins.SharedFolder.Tests\Plugins.SharedFolder.Tests.csproj", "{1726CFDC-AB45-4792-B261-2BCB4169E70C}"
EndProject
Project("{FAE04EC0-301F-11D3-BF4B-00C04F79EFBC}") = "Infrastructure.Notifications", "Infrastructure\Infrastructure.Notifications\Infrastructure.Notifications.csproj", "{E9CC6B80-3092-4DF1-8CB8-ED4BBAA57C8D}"
EndProject
Project("{FAE04EC0-301F-11D3-BF4B-00C04F79EFBC}") = "Infrastructure.Notifications.Tests", "Infrastructure\Infrastructure.Notifications.Tests\Infrastructure.Notifications.Tests.csproj", "{28049674-EC59-411B-AB57-F0B46CBC412B}"
EndProject
Project("{FAE04EC0-301F-11D3-BF4B-00C04F79EFBC}") = "Infrastructure.Plugins.Common", "Infrastructure\Infrastructure.Plugins.Common\Infrastructure.Plugins.Common.csproj", "{7388C815-C5E3-4B7B-8219-CFF50469C1F6}"
EndProject
Project("{2150E333-8FDC-42A3-9474-1A3956D46DE8}") = "Git", "Git", "{9BBC465A-1A3F-4756-98B8-47D42F9A47FA}"
EndProject
Project("{FAE04EC0-301F-11D3-BF4B-00C04F79EFBC}") = "Plugins.Git.Vcs", "Plugins\Plugins.Git.Vcs\Plugins.Git.Vcs.csproj", "{F04A8801-FC8C-4F17-A7D9-81BDB2FDB24F}"
EndProject
Project("{FAE04EC0-301F-11D3-BF4B-00C04F79EFBC}") = "Plugins.Git.Vcs.Tests", "Plugins\Plugins.Git.Vcs.Tests\Plugins.Git.Vcs.Tests.csproj", "{655E3813-AF73-4561-AC82-5D11F31D7996}"
EndProject
Project("{2150E333-8FDC-42A3-9474-1A3956D46DE8}") = "GitLab", "GitLab", "{6CCD42EC-9D75-4A60-8CD7-93683B5448A2}"
EndProject
Project("{FAE04EC0-301F-11D3-BF4B-00C04F79EFBC}") = "Plugins.GitLab", "Plugins\Plugins.GitLab\Plugins.GitLab.csproj", "{856FE34A-8FA5-49E2-844F-FCDB03D1A255}"
EndProject
Project("{FAE04EC0-301F-11D3-BF4B-00C04F79EFBC}") = "Plugins.GitLab.Vcs", "Plugins\Plugins.GitLab.Vcs\Plugins.GitLab.Vcs.csproj", "{9830B566-3513-4DA6-A579-2363ADCC3876}"
EndProject
Project("{FAE04EC0-301F-11D3-BF4B-00C04F79EFBC}") = "Plugins.GitLab.Vcs.Tests", "Plugins\Plugins.GitLab.Vcs.Tests\Plugins.GitLab.Vcs.Tests.csproj", "{ABD6A783-37DB-422E-816C-82E8ABF16185}"
EndProject
Project("{FAE04EC0-301F-11D3-BF4B-00C04F79EFBC}") = "Plugins.GitLab.It", "Plugins\Plugins.GitLab.It\Plugins.GitLab.It.csproj", "{F5A0906D-DA7E-4435-935F-94451A574D0E}"
EndProject
Project("{FAE04EC0-301F-11D3-BF4B-00C04F79EFBC}") = "Plugins.GitLab.It.Tests", "Plugins\Plugins.GitLab.It.Tests\Plugins.GitLab.It.Tests.csproj", "{A8BA858E-60ED-4CAC-93CA-3BD0E8A44321}"
EndProject
Project("{FAE04EC0-301F-11D3-BF4B-00C04F79EFBC}") = "Infrastructure.Plugins.Common.Contracts", "Infrastructure\Infrastructure.Plugins.Common.Contracts\Infrastructure.Plugins.Common.Contracts.csproj", "{A0FA309B-3A2E-4131-A653-AEE1B11115B9}"
EndProject
Project("{2150E333-8FDC-42A3-9474-1A3956D46DE8}") = "Rtc", "Rtc", "{9F4D2728-1197-4E53-A092-B1C20D1D0076}"
EndProject
Project("{FAE04EC0-301F-11D3-BF4B-00C04F79EFBC}") = "Plugins.Rtc.It.Tests", "Plugins\Plugins.Rtc.It.Tests\Plugins.Rtc.It.Tests.csproj", "{A892D626-CF3A-4080-8B10-01293C4DD570}"
EndProject
Project("{FAE04EC0-301F-11D3-BF4B-00C04F79EFBC}") = "Plugins.Rtc.It", "Plugins\Plugins.Rtc.It\Plugins.Rtc.It.csproj", "{3D7B4EFA-1CB9-41BD-AC79-D43D7662F75D}"
EndProject
Project("{2150E333-8FDC-42A3-9474-1A3956D46DE8}") = "Solution", "Solution", "{3B9DC156-3309-4791-9335-AEE128EE50B2}"
EndProject
Global
	GlobalSection(SolutionConfigurationPlatforms) = preSolution
		Debug|Any CPU = Debug|Any CPU
		Debug|x86 = Debug|x86
		Release|Any CPU = Release|Any CPU
		Release|x86 = Release|x86
	EndGlobalSection
	GlobalSection(ProjectConfigurationPlatforms) = postSolution
		{991BFEDD-C5D6-4A01-8138-682A0D6115F3}.Debug|Any CPU.ActiveCfg = Debug|Any CPU
		{991BFEDD-C5D6-4A01-8138-682A0D6115F3}.Debug|Any CPU.Build.0 = Debug|Any CPU
		{991BFEDD-C5D6-4A01-8138-682A0D6115F3}.Debug|x86.ActiveCfg = Debug|Any CPU
		{991BFEDD-C5D6-4A01-8138-682A0D6115F3}.Debug|x86.Build.0 = Debug|Any CPU
		{991BFEDD-C5D6-4A01-8138-682A0D6115F3}.Release|Any CPU.ActiveCfg = Release|Any CPU
		{991BFEDD-C5D6-4A01-8138-682A0D6115F3}.Release|Any CPU.Build.0 = Release|Any CPU
		{991BFEDD-C5D6-4A01-8138-682A0D6115F3}.Release|x86.ActiveCfg = Release|Any CPU
		{991BFEDD-C5D6-4A01-8138-682A0D6115F3}.Release|x86.Build.0 = Release|Any CPU
		{7FB5C88E-0A1A-4795-AE28-EBCA2818A0F7}.Debug|Any CPU.ActiveCfg = Debug|Any CPU
		{7FB5C88E-0A1A-4795-AE28-EBCA2818A0F7}.Debug|Any CPU.Build.0 = Debug|Any CPU
		{7FB5C88E-0A1A-4795-AE28-EBCA2818A0F7}.Debug|x86.ActiveCfg = Debug|Any CPU
		{7FB5C88E-0A1A-4795-AE28-EBCA2818A0F7}.Debug|x86.Build.0 = Debug|Any CPU
		{7FB5C88E-0A1A-4795-AE28-EBCA2818A0F7}.Release|Any CPU.ActiveCfg = Release|Any CPU
		{7FB5C88E-0A1A-4795-AE28-EBCA2818A0F7}.Release|Any CPU.Build.0 = Release|Any CPU
		{7FB5C88E-0A1A-4795-AE28-EBCA2818A0F7}.Release|x86.ActiveCfg = Release|Any CPU
		{7FB5C88E-0A1A-4795-AE28-EBCA2818A0F7}.Release|x86.Build.0 = Release|Any CPU
		{C073C935-A8E3-48FF-960B-1455CCC2B2EF}.Debug|Any CPU.ActiveCfg = Debug|Any CPU
		{C073C935-A8E3-48FF-960B-1455CCC2B2EF}.Debug|Any CPU.Build.0 = Debug|Any CPU
		{C073C935-A8E3-48FF-960B-1455CCC2B2EF}.Debug|x86.ActiveCfg = Debug|Any CPU
		{C073C935-A8E3-48FF-960B-1455CCC2B2EF}.Debug|x86.Build.0 = Debug|Any CPU
		{C073C935-A8E3-48FF-960B-1455CCC2B2EF}.Release|Any CPU.ActiveCfg = Release|Any CPU
		{C073C935-A8E3-48FF-960B-1455CCC2B2EF}.Release|Any CPU.Build.0 = Release|Any CPU
		{C073C935-A8E3-48FF-960B-1455CCC2B2EF}.Release|x86.ActiveCfg = Release|Any CPU
		{C073C935-A8E3-48FF-960B-1455CCC2B2EF}.Release|x86.Build.0 = Release|Any CPU
		{F9479F9C-3CE3-4FF4-AC83-131CC4C2A08A}.Debug|Any CPU.ActiveCfg = Debug|Any CPU
		{F9479F9C-3CE3-4FF4-AC83-131CC4C2A08A}.Debug|Any CPU.Build.0 = Debug|Any CPU
		{F9479F9C-3CE3-4FF4-AC83-131CC4C2A08A}.Debug|x86.ActiveCfg = Debug|Any CPU
		{F9479F9C-3CE3-4FF4-AC83-131CC4C2A08A}.Debug|x86.Build.0 = Debug|Any CPU
		{F9479F9C-3CE3-4FF4-AC83-131CC4C2A08A}.Release|Any CPU.ActiveCfg = Release|Any CPU
		{F9479F9C-3CE3-4FF4-AC83-131CC4C2A08A}.Release|Any CPU.Build.0 = Release|Any CPU
		{F9479F9C-3CE3-4FF4-AC83-131CC4C2A08A}.Release|x86.ActiveCfg = Release|Any CPU
		{F9479F9C-3CE3-4FF4-AC83-131CC4C2A08A}.Release|x86.Build.0 = Release|Any CPU
		{2D3B280B-25B6-4792-B535-1876D131838F}.Debug|Any CPU.ActiveCfg = Debug|Any CPU
		{2D3B280B-25B6-4792-B535-1876D131838F}.Debug|Any CPU.Build.0 = Debug|Any CPU
		{2D3B280B-25B6-4792-B535-1876D131838F}.Debug|x86.ActiveCfg = Debug|Any CPU
		{2D3B280B-25B6-4792-B535-1876D131838F}.Debug|x86.Build.0 = Debug|Any CPU
		{2D3B280B-25B6-4792-B535-1876D131838F}.Release|Any CPU.ActiveCfg = Release|Any CPU
		{2D3B280B-25B6-4792-B535-1876D131838F}.Release|Any CPU.Build.0 = Release|Any CPU
		{2D3B280B-25B6-4792-B535-1876D131838F}.Release|x86.ActiveCfg = Release|Any CPU
		{2D3B280B-25B6-4792-B535-1876D131838F}.Release|x86.Build.0 = Release|Any CPU
		{14E2AA6A-CA52-45CA-987E-6FC6607C8066}.Debug|Any CPU.ActiveCfg = Debug|Any CPU
		{14E2AA6A-CA52-45CA-987E-6FC6607C8066}.Debug|Any CPU.Build.0 = Debug|Any CPU
		{14E2AA6A-CA52-45CA-987E-6FC6607C8066}.Debug|x86.ActiveCfg = Debug|Any CPU
		{14E2AA6A-CA52-45CA-987E-6FC6607C8066}.Debug|x86.Build.0 = Debug|Any CPU
		{14E2AA6A-CA52-45CA-987E-6FC6607C8066}.Release|Any CPU.ActiveCfg = Release|Any CPU
		{14E2AA6A-CA52-45CA-987E-6FC6607C8066}.Release|Any CPU.Build.0 = Release|Any CPU
		{14E2AA6A-CA52-45CA-987E-6FC6607C8066}.Release|x86.ActiveCfg = Release|Any CPU
		{14E2AA6A-CA52-45CA-987E-6FC6607C8066}.Release|x86.Build.0 = Release|Any CPU
		{6D861959-1069-43D9-8C4D-D13535A4E09A}.Debug|Any CPU.ActiveCfg = Debug|Any CPU
		{6D861959-1069-43D9-8C4D-D13535A4E09A}.Debug|Any CPU.Build.0 = Debug|Any CPU
		{6D861959-1069-43D9-8C4D-D13535A4E09A}.Debug|x86.ActiveCfg = Debug|Any CPU
		{6D861959-1069-43D9-8C4D-D13535A4E09A}.Debug|x86.Build.0 = Debug|Any CPU
		{6D861959-1069-43D9-8C4D-D13535A4E09A}.Release|Any CPU.ActiveCfg = Release|Any CPU
		{6D861959-1069-43D9-8C4D-D13535A4E09A}.Release|Any CPU.Build.0 = Release|Any CPU
		{6D861959-1069-43D9-8C4D-D13535A4E09A}.Release|x86.ActiveCfg = Release|Any CPU
		{6D861959-1069-43D9-8C4D-D13535A4E09A}.Release|x86.Build.0 = Release|Any CPU
		{F9877CF7-85A1-4229-A9AF-4D5933050561}.Debug|Any CPU.ActiveCfg = Debug|Any CPU
		{F9877CF7-85A1-4229-A9AF-4D5933050561}.Debug|Any CPU.Build.0 = Debug|Any CPU
		{F9877CF7-85A1-4229-A9AF-4D5933050561}.Debug|Any CPU.Deploy.0 = Debug|Any CPU
		{F9877CF7-85A1-4229-A9AF-4D5933050561}.Debug|x86.ActiveCfg = Debug|Any CPU
		{F9877CF7-85A1-4229-A9AF-4D5933050561}.Debug|x86.Build.0 = Debug|Any CPU
		{F9877CF7-85A1-4229-A9AF-4D5933050561}.Debug|x86.Deploy.0 = Debug|Any CPU
		{F9877CF7-85A1-4229-A9AF-4D5933050561}.Release|Any CPU.ActiveCfg = Release|Any CPU
		{F9877CF7-85A1-4229-A9AF-4D5933050561}.Release|Any CPU.Build.0 = Release|Any CPU
		{F9877CF7-85A1-4229-A9AF-4D5933050561}.Release|Any CPU.Deploy.0 = Release|Any CPU
		{F9877CF7-85A1-4229-A9AF-4D5933050561}.Release|x86.ActiveCfg = Release|Any CPU
		{F9877CF7-85A1-4229-A9AF-4D5933050561}.Release|x86.Build.0 = Release|Any CPU
		{F9877CF7-85A1-4229-A9AF-4D5933050561}.Release|x86.Deploy.0 = Release|Any CPU
		{8DE5DBC1-AC8F-48AB-A5A9-9C119657CF8D}.Debug|Any CPU.ActiveCfg = Debug|Any CPU
		{8DE5DBC1-AC8F-48AB-A5A9-9C119657CF8D}.Debug|Any CPU.Build.0 = Debug|Any CPU
		{8DE5DBC1-AC8F-48AB-A5A9-9C119657CF8D}.Debug|x86.ActiveCfg = Debug|Any CPU
		{8DE5DBC1-AC8F-48AB-A5A9-9C119657CF8D}.Debug|x86.Build.0 = Debug|Any CPU
		{8DE5DBC1-AC8F-48AB-A5A9-9C119657CF8D}.Release|Any CPU.ActiveCfg = Release|Any CPU
		{8DE5DBC1-AC8F-48AB-A5A9-9C119657CF8D}.Release|Any CPU.Build.0 = Release|Any CPU
		{8DE5DBC1-AC8F-48AB-A5A9-9C119657CF8D}.Release|x86.ActiveCfg = Release|Any CPU
		{8DE5DBC1-AC8F-48AB-A5A9-9C119657CF8D}.Release|x86.Build.0 = Release|Any CPU
		{CEB41129-4EAD-4209-90A1-97FD1BBE0441}.Debug|Any CPU.ActiveCfg = Debug|Any CPU
		{CEB41129-4EAD-4209-90A1-97FD1BBE0441}.Debug|Any CPU.Build.0 = Debug|Any CPU
		{CEB41129-4EAD-4209-90A1-97FD1BBE0441}.Debug|x86.ActiveCfg = Debug|Any CPU
		{CEB41129-4EAD-4209-90A1-97FD1BBE0441}.Debug|x86.Build.0 = Debug|Any CPU
		{CEB41129-4EAD-4209-90A1-97FD1BBE0441}.Release|Any CPU.ActiveCfg = Release|Any CPU
		{CEB41129-4EAD-4209-90A1-97FD1BBE0441}.Release|Any CPU.Build.0 = Release|Any CPU
		{CEB41129-4EAD-4209-90A1-97FD1BBE0441}.Release|x86.ActiveCfg = Release|Any CPU
		{CEB41129-4EAD-4209-90A1-97FD1BBE0441}.Release|x86.Build.0 = Release|Any CPU
		{3E4FEB5C-54A1-4E94-B072-7DF67AFC897B}.Debug|Any CPU.ActiveCfg = Debug|Any CPU
		{3E4FEB5C-54A1-4E94-B072-7DF67AFC897B}.Debug|Any CPU.Build.0 = Debug|Any CPU
		{3E4FEB5C-54A1-4E94-B072-7DF67AFC897B}.Debug|x86.ActiveCfg = Debug|Any CPU
		{3E4FEB5C-54A1-4E94-B072-7DF67AFC897B}.Debug|x86.Build.0 = Debug|Any CPU
		{3E4FEB5C-54A1-4E94-B072-7DF67AFC897B}.Release|Any CPU.ActiveCfg = Release|Any CPU
		{3E4FEB5C-54A1-4E94-B072-7DF67AFC897B}.Release|Any CPU.Build.0 = Release|Any CPU
		{3E4FEB5C-54A1-4E94-B072-7DF67AFC897B}.Release|x86.ActiveCfg = Release|Any CPU
		{3E4FEB5C-54A1-4E94-B072-7DF67AFC897B}.Release|x86.Build.0 = Release|Any CPU
		{4A219CEA-1672-4E34-B0F5-8ACAC402B353}.Debug|Any CPU.ActiveCfg = Debug|Any CPU
		{4A219CEA-1672-4E34-B0F5-8ACAC402B353}.Debug|Any CPU.Build.0 = Debug|Any CPU
		{4A219CEA-1672-4E34-B0F5-8ACAC402B353}.Debug|x86.ActiveCfg = Debug|Any CPU
		{4A219CEA-1672-4E34-B0F5-8ACAC402B353}.Debug|x86.Build.0 = Debug|Any CPU
		{4A219CEA-1672-4E34-B0F5-8ACAC402B353}.Release|Any CPU.ActiveCfg = Release|Any CPU
		{4A219CEA-1672-4E34-B0F5-8ACAC402B353}.Release|Any CPU.Build.0 = Release|Any CPU
		{4A219CEA-1672-4E34-B0F5-8ACAC402B353}.Release|x86.ActiveCfg = Release|Any CPU
		{4A219CEA-1672-4E34-B0F5-8ACAC402B353}.Release|x86.Build.0 = Release|Any CPU
		{E680430D-057C-4088-971B-5D3DFA08685F}.Debug|Any CPU.ActiveCfg = Debug|Any CPU
		{E680430D-057C-4088-971B-5D3DFA08685F}.Debug|Any CPU.Build.0 = Debug|Any CPU
		{E680430D-057C-4088-971B-5D3DFA08685F}.Debug|x86.ActiveCfg = Debug|Any CPU
		{E680430D-057C-4088-971B-5D3DFA08685F}.Debug|x86.Build.0 = Debug|Any CPU
		{E680430D-057C-4088-971B-5D3DFA08685F}.Release|Any CPU.ActiveCfg = Release|Any CPU
		{E680430D-057C-4088-971B-5D3DFA08685F}.Release|Any CPU.Build.0 = Release|Any CPU
		{E680430D-057C-4088-971B-5D3DFA08685F}.Release|x86.ActiveCfg = Release|Any CPU
		{E680430D-057C-4088-971B-5D3DFA08685F}.Release|x86.Build.0 = Release|Any CPU
		{3F1D1F4B-602D-49A5-AFFE-2CE64FE80B71}.Debug|Any CPU.ActiveCfg = Debug|Any CPU
		{3F1D1F4B-602D-49A5-AFFE-2CE64FE80B71}.Debug|Any CPU.Build.0 = Debug|Any CPU
		{3F1D1F4B-602D-49A5-AFFE-2CE64FE80B71}.Debug|x86.ActiveCfg = Debug|Any CPU
		{3F1D1F4B-602D-49A5-AFFE-2CE64FE80B71}.Debug|x86.Build.0 = Debug|Any CPU
		{3F1D1F4B-602D-49A5-AFFE-2CE64FE80B71}.Release|Any CPU.ActiveCfg = Release|Any CPU
		{3F1D1F4B-602D-49A5-AFFE-2CE64FE80B71}.Release|Any CPU.Build.0 = Release|Any CPU
		{3F1D1F4B-602D-49A5-AFFE-2CE64FE80B71}.Release|x86.ActiveCfg = Release|Any CPU
		{3F1D1F4B-602D-49A5-AFFE-2CE64FE80B71}.Release|x86.Build.0 = Release|Any CPU
		{ABE20562-088B-4DE1-A9EF-BD8A2284E328}.Debug|Any CPU.ActiveCfg = Debug|Any CPU
		{ABE20562-088B-4DE1-A9EF-BD8A2284E328}.Debug|Any CPU.Build.0 = Debug|Any CPU
		{ABE20562-088B-4DE1-A9EF-BD8A2284E328}.Debug|x86.ActiveCfg = Debug|Any CPU
		{ABE20562-088B-4DE1-A9EF-BD8A2284E328}.Debug|x86.Build.0 = Debug|Any CPU
		{ABE20562-088B-4DE1-A9EF-BD8A2284E328}.Release|Any CPU.ActiveCfg = Release|Any CPU
		{ABE20562-088B-4DE1-A9EF-BD8A2284E328}.Release|Any CPU.Build.0 = Release|Any CPU
		{ABE20562-088B-4DE1-A9EF-BD8A2284E328}.Release|x86.ActiveCfg = Release|Any CPU
		{ABE20562-088B-4DE1-A9EF-BD8A2284E328}.Release|x86.Build.0 = Release|Any CPU
		{D9698140-F8B9-4F4F-945A-3513B482A923}.Debug|Any CPU.ActiveCfg = Debug|Any CPU
		{D9698140-F8B9-4F4F-945A-3513B482A923}.Debug|Any CPU.Build.0 = Debug|Any CPU
		{D9698140-F8B9-4F4F-945A-3513B482A923}.Debug|x86.ActiveCfg = Debug|Any CPU
		{D9698140-F8B9-4F4F-945A-3513B482A923}.Debug|x86.Build.0 = Debug|Any CPU
		{D9698140-F8B9-4F4F-945A-3513B482A923}.Release|Any CPU.ActiveCfg = Release|Any CPU
		{D9698140-F8B9-4F4F-945A-3513B482A923}.Release|Any CPU.Build.0 = Release|Any CPU
		{D9698140-F8B9-4F4F-945A-3513B482A923}.Release|x86.ActiveCfg = Release|Any CPU
		{D9698140-F8B9-4F4F-945A-3513B482A923}.Release|x86.Build.0 = Release|Any CPU
		{D80BDB44-71D4-421C-A306-4AE5DDDECE3B}.Debug|Any CPU.ActiveCfg = Debug|Any CPU
		{D80BDB44-71D4-421C-A306-4AE5DDDECE3B}.Debug|Any CPU.Build.0 = Debug|Any CPU
		{D80BDB44-71D4-421C-A306-4AE5DDDECE3B}.Debug|x86.ActiveCfg = Debug|Any CPU
		{D80BDB44-71D4-421C-A306-4AE5DDDECE3B}.Debug|x86.Build.0 = Debug|Any CPU
		{D80BDB44-71D4-421C-A306-4AE5DDDECE3B}.Release|Any CPU.ActiveCfg = Release|Any CPU
		{D80BDB44-71D4-421C-A306-4AE5DDDECE3B}.Release|Any CPU.Build.0 = Release|Any CPU
		{D80BDB44-71D4-421C-A306-4AE5DDDECE3B}.Release|x86.ActiveCfg = Release|Any CPU
		{D80BDB44-71D4-421C-A306-4AE5DDDECE3B}.Release|x86.Build.0 = Release|Any CPU
		{563F24EC-F97E-471B-8FC4-7ADE0A007DCA}.Debug|Any CPU.ActiveCfg = Debug|Any CPU
		{563F24EC-F97E-471B-8FC4-7ADE0A007DCA}.Debug|Any CPU.Build.0 = Debug|Any CPU
		{563F24EC-F97E-471B-8FC4-7ADE0A007DCA}.Debug|x86.ActiveCfg = Debug|Any CPU
		{563F24EC-F97E-471B-8FC4-7ADE0A007DCA}.Debug|x86.Build.0 = Debug|Any CPU
		{563F24EC-F97E-471B-8FC4-7ADE0A007DCA}.Release|Any CPU.ActiveCfg = Release|Any CPU
		{563F24EC-F97E-471B-8FC4-7ADE0A007DCA}.Release|Any CPU.Build.0 = Release|Any CPU
		{563F24EC-F97E-471B-8FC4-7ADE0A007DCA}.Release|x86.ActiveCfg = Release|Any CPU
		{563F24EC-F97E-471B-8FC4-7ADE0A007DCA}.Release|x86.Build.0 = Release|Any CPU
		{313B7C53-4CDE-46D1-88C5-21D31C8C4515}.Debug|Any CPU.ActiveCfg = Debug|Any CPU
		{313B7C53-4CDE-46D1-88C5-21D31C8C4515}.Debug|Any CPU.Build.0 = Debug|Any CPU
		{313B7C53-4CDE-46D1-88C5-21D31C8C4515}.Debug|x86.ActiveCfg = Debug|Any CPU
		{313B7C53-4CDE-46D1-88C5-21D31C8C4515}.Debug|x86.Build.0 = Debug|Any CPU
		{313B7C53-4CDE-46D1-88C5-21D31C8C4515}.Release|Any CPU.ActiveCfg = Release|Any CPU
		{313B7C53-4CDE-46D1-88C5-21D31C8C4515}.Release|Any CPU.Build.0 = Release|Any CPU
		{313B7C53-4CDE-46D1-88C5-21D31C8C4515}.Release|x86.ActiveCfg = Release|Any CPU
		{313B7C53-4CDE-46D1-88C5-21D31C8C4515}.Release|x86.Build.0 = Release|Any CPU
		{BA880595-0C26-4919-9DB3-E12D4FC0F440}.Debug|Any CPU.ActiveCfg = Debug|Any CPU
		{BA880595-0C26-4919-9DB3-E12D4FC0F440}.Debug|Any CPU.Build.0 = Debug|Any CPU
		{BA880595-0C26-4919-9DB3-E12D4FC0F440}.Debug|x86.ActiveCfg = Debug|Any CPU
		{BA880595-0C26-4919-9DB3-E12D4FC0F440}.Debug|x86.Build.0 = Debug|Any CPU
		{BA880595-0C26-4919-9DB3-E12D4FC0F440}.Release|Any CPU.ActiveCfg = Release|Any CPU
		{BA880595-0C26-4919-9DB3-E12D4FC0F440}.Release|Any CPU.Build.0 = Release|Any CPU
		{BA880595-0C26-4919-9DB3-E12D4FC0F440}.Release|x86.ActiveCfg = Release|Any CPU
		{BA880595-0C26-4919-9DB3-E12D4FC0F440}.Release|x86.Build.0 = Release|Any CPU
		{DC113742-61FC-49A0-B3DD-4E4FED5058DC}.Debug|Any CPU.ActiveCfg = Debug|Any CPU
		{DC113742-61FC-49A0-B3DD-4E4FED5058DC}.Debug|Any CPU.Build.0 = Debug|Any CPU
		{DC113742-61FC-49A0-B3DD-4E4FED5058DC}.Debug|x86.ActiveCfg = Debug|Any CPU
		{DC113742-61FC-49A0-B3DD-4E4FED5058DC}.Debug|x86.Build.0 = Debug|Any CPU
		{DC113742-61FC-49A0-B3DD-4E4FED5058DC}.Release|Any CPU.ActiveCfg = Release|Any CPU
		{DC113742-61FC-49A0-B3DD-4E4FED5058DC}.Release|Any CPU.Build.0 = Release|Any CPU
		{DC113742-61FC-49A0-B3DD-4E4FED5058DC}.Release|x86.ActiveCfg = Release|Any CPU
		{DC113742-61FC-49A0-B3DD-4E4FED5058DC}.Release|x86.Build.0 = Release|Any CPU
		{FA216907-D90D-400D-93ED-D347EB10D203}.Debug|Any CPU.ActiveCfg = Debug|Any CPU
		{FA216907-D90D-400D-93ED-D347EB10D203}.Debug|Any CPU.Build.0 = Debug|Any CPU
		{FA216907-D90D-400D-93ED-D347EB10D203}.Debug|x86.ActiveCfg = Debug|Any CPU
		{FA216907-D90D-400D-93ED-D347EB10D203}.Debug|x86.Build.0 = Debug|Any CPU
		{FA216907-D90D-400D-93ED-D347EB10D203}.Release|Any CPU.ActiveCfg = Release|Any CPU
		{FA216907-D90D-400D-93ED-D347EB10D203}.Release|Any CPU.Build.0 = Release|Any CPU
		{FA216907-D90D-400D-93ED-D347EB10D203}.Release|x86.ActiveCfg = Release|Any CPU
		{FA216907-D90D-400D-93ED-D347EB10D203}.Release|x86.Build.0 = Release|Any CPU
		{79E72FB6-93C9-4FF1-8385-0C88320B370F}.Debug|Any CPU.ActiveCfg = Debug|Any CPU
		{79E72FB6-93C9-4FF1-8385-0C88320B370F}.Debug|Any CPU.Build.0 = Debug|Any CPU
		{79E72FB6-93C9-4FF1-8385-0C88320B370F}.Debug|x86.ActiveCfg = Debug|Any CPU
		{79E72FB6-93C9-4FF1-8385-0C88320B370F}.Debug|x86.Build.0 = Debug|Any CPU
		{79E72FB6-93C9-4FF1-8385-0C88320B370F}.Release|Any CPU.ActiveCfg = Release|Any CPU
		{79E72FB6-93C9-4FF1-8385-0C88320B370F}.Release|Any CPU.Build.0 = Release|Any CPU
		{79E72FB6-93C9-4FF1-8385-0C88320B370F}.Release|x86.ActiveCfg = Release|Any CPU
		{79E72FB6-93C9-4FF1-8385-0C88320B370F}.Release|x86.Build.0 = Release|Any CPU
		{810CCB2C-DBC4-4186-A1D0-9F574B1B6C24}.Debug|Any CPU.ActiveCfg = Debug|Any CPU
		{810CCB2C-DBC4-4186-A1D0-9F574B1B6C24}.Debug|Any CPU.Build.0 = Debug|Any CPU
		{810CCB2C-DBC4-4186-A1D0-9F574B1B6C24}.Debug|x86.ActiveCfg = Debug|Any CPU
		{810CCB2C-DBC4-4186-A1D0-9F574B1B6C24}.Debug|x86.Build.0 = Debug|Any CPU
		{810CCB2C-DBC4-4186-A1D0-9F574B1B6C24}.Release|Any CPU.ActiveCfg = Release|Any CPU
		{810CCB2C-DBC4-4186-A1D0-9F574B1B6C24}.Release|Any CPU.Build.0 = Release|Any CPU
		{810CCB2C-DBC4-4186-A1D0-9F574B1B6C24}.Release|x86.ActiveCfg = Release|Any CPU
		{810CCB2C-DBC4-4186-A1D0-9F574B1B6C24}.Release|x86.Build.0 = Release|Any CPU
		{6C150125-9049-4C0D-A183-1E932F7FF21A}.Debug|Any CPU.ActiveCfg = Debug|Any CPU
		{6C150125-9049-4C0D-A183-1E932F7FF21A}.Debug|Any CPU.Build.0 = Debug|Any CPU
		{6C150125-9049-4C0D-A183-1E932F7FF21A}.Debug|x86.ActiveCfg = Debug|Any CPU
		{6C150125-9049-4C0D-A183-1E932F7FF21A}.Debug|x86.Build.0 = Debug|Any CPU
		{6C150125-9049-4C0D-A183-1E932F7FF21A}.Release|Any CPU.ActiveCfg = Release|Any CPU
		{6C150125-9049-4C0D-A183-1E932F7FF21A}.Release|Any CPU.Build.0 = Release|Any CPU
		{6C150125-9049-4C0D-A183-1E932F7FF21A}.Release|x86.ActiveCfg = Release|Any CPU
		{6C150125-9049-4C0D-A183-1E932F7FF21A}.Release|x86.Build.0 = Release|Any CPU
		{AA9A9E6F-60F3-49C8-9F0C-2FF49EBD7F8D}.Debug|Any CPU.ActiveCfg = Debug|Any CPU
		{AA9A9E6F-60F3-49C8-9F0C-2FF49EBD7F8D}.Debug|Any CPU.Build.0 = Debug|Any CPU
		{AA9A9E6F-60F3-49C8-9F0C-2FF49EBD7F8D}.Debug|x86.ActiveCfg = Debug|Any CPU
		{AA9A9E6F-60F3-49C8-9F0C-2FF49EBD7F8D}.Debug|x86.Build.0 = Debug|Any CPU
		{AA9A9E6F-60F3-49C8-9F0C-2FF49EBD7F8D}.Release|Any CPU.ActiveCfg = Release|Any CPU
		{AA9A9E6F-60F3-49C8-9F0C-2FF49EBD7F8D}.Release|Any CPU.Build.0 = Release|Any CPU
		{AA9A9E6F-60F3-49C8-9F0C-2FF49EBD7F8D}.Release|x86.ActiveCfg = Release|Any CPU
		{AA9A9E6F-60F3-49C8-9F0C-2FF49EBD7F8D}.Release|x86.Build.0 = Release|Any CPU
		{EBDD610E-C30B-44C3-9056-77F57387CB46}.Debug|Any CPU.ActiveCfg = Debug|Any CPU
		{EBDD610E-C30B-44C3-9056-77F57387CB46}.Debug|Any CPU.Build.0 = Debug|Any CPU
		{EBDD610E-C30B-44C3-9056-77F57387CB46}.Debug|x86.ActiveCfg = Debug|Any CPU
		{EBDD610E-C30B-44C3-9056-77F57387CB46}.Debug|x86.Build.0 = Debug|Any CPU
		{EBDD610E-C30B-44C3-9056-77F57387CB46}.Release|Any CPU.ActiveCfg = Release|Any CPU
		{EBDD610E-C30B-44C3-9056-77F57387CB46}.Release|Any CPU.Build.0 = Release|Any CPU
		{EBDD610E-C30B-44C3-9056-77F57387CB46}.Release|x86.ActiveCfg = Release|Any CPU
		{EBDD610E-C30B-44C3-9056-77F57387CB46}.Release|x86.Build.0 = Release|Any CPU
		{916E821F-F606-4E99-BEAB-0BC35A3372BC}.Debug|Any CPU.ActiveCfg = Debug|Any CPU
		{916E821F-F606-4E99-BEAB-0BC35A3372BC}.Debug|Any CPU.Build.0 = Debug|Any CPU
		{916E821F-F606-4E99-BEAB-0BC35A3372BC}.Debug|x86.ActiveCfg = Debug|Any CPU
		{916E821F-F606-4E99-BEAB-0BC35A3372BC}.Debug|x86.Build.0 = Debug|Any CPU
		{916E821F-F606-4E99-BEAB-0BC35A3372BC}.Release|Any CPU.ActiveCfg = Release|Any CPU
		{916E821F-F606-4E99-BEAB-0BC35A3372BC}.Release|Any CPU.Build.0 = Release|Any CPU
		{916E821F-F606-4E99-BEAB-0BC35A3372BC}.Release|x86.ActiveCfg = Release|Any CPU
		{916E821F-F606-4E99-BEAB-0BC35A3372BC}.Release|x86.Build.0 = Release|Any CPU
		{8F205387-D2C6-4374-9462-26C0778AF5E5}.Debug|Any CPU.ActiveCfg = Debug|Any CPU
		{8F205387-D2C6-4374-9462-26C0778AF5E5}.Debug|Any CPU.Build.0 = Debug|Any CPU
		{8F205387-D2C6-4374-9462-26C0778AF5E5}.Debug|x86.ActiveCfg = Debug|Any CPU
		{8F205387-D2C6-4374-9462-26C0778AF5E5}.Debug|x86.Build.0 = Debug|Any CPU
		{8F205387-D2C6-4374-9462-26C0778AF5E5}.Release|Any CPU.ActiveCfg = Release|Any CPU
		{8F205387-D2C6-4374-9462-26C0778AF5E5}.Release|Any CPU.Build.0 = Release|Any CPU
		{8F205387-D2C6-4374-9462-26C0778AF5E5}.Release|x86.ActiveCfg = Release|Any CPU
		{8F205387-D2C6-4374-9462-26C0778AF5E5}.Release|x86.Build.0 = Release|Any CPU
		{D5F4ADD6-44F9-4BC9-B99B-0E4B24237C73}.Debug|Any CPU.ActiveCfg = Debug|Any CPU
		{D5F4ADD6-44F9-4BC9-B99B-0E4B24237C73}.Debug|Any CPU.Build.0 = Debug|Any CPU
		{D5F4ADD6-44F9-4BC9-B99B-0E4B24237C73}.Debug|x86.ActiveCfg = Debug|Any CPU
		{D5F4ADD6-44F9-4BC9-B99B-0E4B24237C73}.Debug|x86.Build.0 = Debug|Any CPU
		{D5F4ADD6-44F9-4BC9-B99B-0E4B24237C73}.Release|Any CPU.ActiveCfg = Release|Any CPU
		{D5F4ADD6-44F9-4BC9-B99B-0E4B24237C73}.Release|Any CPU.Build.0 = Release|Any CPU
		{D5F4ADD6-44F9-4BC9-B99B-0E4B24237C73}.Release|x86.ActiveCfg = Release|Any CPU
		{D5F4ADD6-44F9-4BC9-B99B-0E4B24237C73}.Release|x86.Build.0 = Release|Any CPU
		{0C6E6EEC-D0F4-44B0-B1B3-C8258811E24A}.Debug|Any CPU.ActiveCfg = Debug|x86
		{0C6E6EEC-D0F4-44B0-B1B3-C8258811E24A}.Debug|x86.ActiveCfg = Debug|x86
		{0C6E6EEC-D0F4-44B0-B1B3-C8258811E24A}.Debug|x86.Build.0 = Debug|x86
		{0C6E6EEC-D0F4-44B0-B1B3-C8258811E24A}.Release|Any CPU.ActiveCfg = Release|x86
		{0C6E6EEC-D0F4-44B0-B1B3-C8258811E24A}.Release|Any CPU.Build.0 = Release|x86
		{0C6E6EEC-D0F4-44B0-B1B3-C8258811E24A}.Release|x86.ActiveCfg = Release|x86
		{0C6E6EEC-D0F4-44B0-B1B3-C8258811E24A}.Release|x86.Build.0 = Release|x86
		{6C0911D7-2B4F-41A8-954F-56C28E8EA864}.Debug|Any CPU.ActiveCfg = Debug|x86
		{6C0911D7-2B4F-41A8-954F-56C28E8EA864}.Debug|x86.ActiveCfg = Debug|x86
		{6C0911D7-2B4F-41A8-954F-56C28E8EA864}.Debug|x86.Build.0 = Debug|x86
		{6C0911D7-2B4F-41A8-954F-56C28E8EA864}.Release|Any CPU.ActiveCfg = Release|x86
		{6C0911D7-2B4F-41A8-954F-56C28E8EA864}.Release|Any CPU.Build.0 = Release|x86
		{6C0911D7-2B4F-41A8-954F-56C28E8EA864}.Release|x86.ActiveCfg = Release|x86
		{6C0911D7-2B4F-41A8-954F-56C28E8EA864}.Release|x86.Build.0 = Release|x86
		{664B80B0-3927-4E6E-A124-A549D514675C}.Debug|Any CPU.ActiveCfg = Debug|x86
		{664B80B0-3927-4E6E-A124-A549D514675C}.Debug|x86.ActiveCfg = Debug|x86
		{664B80B0-3927-4E6E-A124-A549D514675C}.Debug|x86.Build.0 = Debug|x86
		{664B80B0-3927-4E6E-A124-A549D514675C}.Release|Any CPU.ActiveCfg = Release|x86
		{664B80B0-3927-4E6E-A124-A549D514675C}.Release|x86.ActiveCfg = Release|x86
		{664B80B0-3927-4E6E-A124-A549D514675C}.Release|x86.Build.0 = Release|x86
		{D952193A-42D9-4510-AB1C-53220807B920}.Debug|Any CPU.ActiveCfg = Debug|Any CPU
		{D952193A-42D9-4510-AB1C-53220807B920}.Debug|Any CPU.Build.0 = Debug|Any CPU
		{D952193A-42D9-4510-AB1C-53220807B920}.Debug|x86.ActiveCfg = Debug|Any CPU
		{D952193A-42D9-4510-AB1C-53220807B920}.Debug|x86.Build.0 = Debug|Any CPU
		{D952193A-42D9-4510-AB1C-53220807B920}.Release|Any CPU.ActiveCfg = Release|Any CPU
		{D952193A-42D9-4510-AB1C-53220807B920}.Release|Any CPU.Build.0 = Release|Any CPU
		{D952193A-42D9-4510-AB1C-53220807B920}.Release|x86.ActiveCfg = Release|Any CPU
		{D952193A-42D9-4510-AB1C-53220807B920}.Release|x86.Build.0 = Release|Any CPU
		{013118D1-A09C-40E4-A7AA-D902E5CBAAA4}.Debug|Any CPU.ActiveCfg = Debug|x86
		{013118D1-A09C-40E4-A7AA-D902E5CBAAA4}.Debug|x86.ActiveCfg = Debug|x86
		{013118D1-A09C-40E4-A7AA-D902E5CBAAA4}.Debug|x86.Build.0 = Debug|x86
		{013118D1-A09C-40E4-A7AA-D902E5CBAAA4}.Release|Any CPU.ActiveCfg = Release|x86
		{013118D1-A09C-40E4-A7AA-D902E5CBAAA4}.Release|Any CPU.Build.0 = Release|x86
		{013118D1-A09C-40E4-A7AA-D902E5CBAAA4}.Release|x86.ActiveCfg = Release|x86
		{013118D1-A09C-40E4-A7AA-D902E5CBAAA4}.Release|x86.Build.0 = Release|x86
		{2316E52C-8E63-49DB-84B3-A5C4BC01055F}.Debug|Any CPU.ActiveCfg = Debug|Any CPU
		{2316E52C-8E63-49DB-84B3-A5C4BC01055F}.Debug|Any CPU.Build.0 = Debug|Any CPU
		{2316E52C-8E63-49DB-84B3-A5C4BC01055F}.Debug|x86.ActiveCfg = Debug|Any CPU
		{2316E52C-8E63-49DB-84B3-A5C4BC01055F}.Debug|x86.Build.0 = Debug|Any CPU
		{2316E52C-8E63-49DB-84B3-A5C4BC01055F}.Release|Any CPU.ActiveCfg = Release|Any CPU
		{2316E52C-8E63-49DB-84B3-A5C4BC01055F}.Release|Any CPU.Build.0 = Release|Any CPU
		{2316E52C-8E63-49DB-84B3-A5C4BC01055F}.Release|x86.ActiveCfg = Release|Any CPU
		{2316E52C-8E63-49DB-84B3-A5C4BC01055F}.Release|x86.Build.0 = Release|Any CPU
		{F1D55529-03A7-4A12-9BDD-E268EA4DE947}.Debug|Any CPU.ActiveCfg = Debug|Any CPU
		{F1D55529-03A7-4A12-9BDD-E268EA4DE947}.Debug|Any CPU.Build.0 = Debug|Any CPU
		{F1D55529-03A7-4A12-9BDD-E268EA4DE947}.Debug|x86.ActiveCfg = Debug|Any CPU
		{F1D55529-03A7-4A12-9BDD-E268EA4DE947}.Debug|x86.Build.0 = Debug|Any CPU
		{F1D55529-03A7-4A12-9BDD-E268EA4DE947}.Release|Any CPU.ActiveCfg = Release|Any CPU
		{F1D55529-03A7-4A12-9BDD-E268EA4DE947}.Release|Any CPU.Build.0 = Release|Any CPU
		{F1D55529-03A7-4A12-9BDD-E268EA4DE947}.Release|x86.ActiveCfg = Release|Any CPU
		{F1D55529-03A7-4A12-9BDD-E268EA4DE947}.Release|x86.Build.0 = Release|Any CPU
		{26FC1000-2984-4312-9009-C9BD513D649F}.Debug|Any CPU.ActiveCfg = Debug|Any CPU
		{26FC1000-2984-4312-9009-C9BD513D649F}.Debug|Any CPU.Build.0 = Debug|Any CPU
		{26FC1000-2984-4312-9009-C9BD513D649F}.Debug|x86.ActiveCfg = Debug|Any CPU
		{26FC1000-2984-4312-9009-C9BD513D649F}.Debug|x86.Build.0 = Debug|Any CPU
		{26FC1000-2984-4312-9009-C9BD513D649F}.Release|Any CPU.ActiveCfg = Release|Any CPU
		{26FC1000-2984-4312-9009-C9BD513D649F}.Release|Any CPU.Build.0 = Release|Any CPU
		{26FC1000-2984-4312-9009-C9BD513D649F}.Release|x86.ActiveCfg = Release|Any CPU
		{26FC1000-2984-4312-9009-C9BD513D649F}.Release|x86.Build.0 = Release|Any CPU
		{245F195B-2A57-4B49-9A80-921BBCE69E59}.Debug|Any CPU.ActiveCfg = Debug|Any CPU
		{245F195B-2A57-4B49-9A80-921BBCE69E59}.Debug|Any CPU.Build.0 = Debug|Any CPU
		{245F195B-2A57-4B49-9A80-921BBCE69E59}.Debug|x86.ActiveCfg = Debug|Any CPU
		{245F195B-2A57-4B49-9A80-921BBCE69E59}.Debug|x86.Build.0 = Debug|Any CPU
		{245F195B-2A57-4B49-9A80-921BBCE69E59}.Release|Any CPU.ActiveCfg = Release|Any CPU
		{245F195B-2A57-4B49-9A80-921BBCE69E59}.Release|Any CPU.Build.0 = Release|Any CPU
		{245F195B-2A57-4B49-9A80-921BBCE69E59}.Release|x86.ActiveCfg = Release|Any CPU
		{245F195B-2A57-4B49-9A80-921BBCE69E59}.Release|x86.Build.0 = Release|Any CPU
		{9512F56F-4060-4939-9D33-EBF8FF4E0BBE}.Debug|Any CPU.ActiveCfg = Debug|Any CPU
		{9512F56F-4060-4939-9D33-EBF8FF4E0BBE}.Debug|Any CPU.Build.0 = Debug|Any CPU
		{9512F56F-4060-4939-9D33-EBF8FF4E0BBE}.Debug|x86.ActiveCfg = Debug|Any CPU
		{9512F56F-4060-4939-9D33-EBF8FF4E0BBE}.Debug|x86.Build.0 = Debug|Any CPU
		{9512F56F-4060-4939-9D33-EBF8FF4E0BBE}.Release|Any CPU.ActiveCfg = Release|Any CPU
		{9512F56F-4060-4939-9D33-EBF8FF4E0BBE}.Release|Any CPU.Build.0 = Release|Any CPU
		{9512F56F-4060-4939-9D33-EBF8FF4E0BBE}.Release|x86.ActiveCfg = Release|Any CPU
		{9512F56F-4060-4939-9D33-EBF8FF4E0BBE}.Release|x86.Build.0 = Release|Any CPU
		{64EABC05-3CC5-4D39-9816-F7BCC0EDD178}.Debug|Any CPU.ActiveCfg = Debug|Any CPU
		{64EABC05-3CC5-4D39-9816-F7BCC0EDD178}.Debug|Any CPU.Build.0 = Debug|Any CPU
		{64EABC05-3CC5-4D39-9816-F7BCC0EDD178}.Debug|x86.ActiveCfg = Debug|Any CPU
		{64EABC05-3CC5-4D39-9816-F7BCC0EDD178}.Debug|x86.Build.0 = Debug|Any CPU
		{64EABC05-3CC5-4D39-9816-F7BCC0EDD178}.Release|Any CPU.ActiveCfg = Release|Any CPU
		{64EABC05-3CC5-4D39-9816-F7BCC0EDD178}.Release|Any CPU.Build.0 = Release|Any CPU
		{64EABC05-3CC5-4D39-9816-F7BCC0EDD178}.Release|x86.ActiveCfg = Release|Any CPU
		{64EABC05-3CC5-4D39-9816-F7BCC0EDD178}.Release|x86.Build.0 = Release|Any CPU
		{833BB883-1C6D-4785-9C82-9EEA78165C23}.Debug|Any CPU.ActiveCfg = Debug|Any CPU
		{833BB883-1C6D-4785-9C82-9EEA78165C23}.Debug|Any CPU.Build.0 = Debug|Any CPU
		{833BB883-1C6D-4785-9C82-9EEA78165C23}.Debug|x86.ActiveCfg = Debug|Any CPU
		{833BB883-1C6D-4785-9C82-9EEA78165C23}.Debug|x86.Build.0 = Debug|Any CPU
		{833BB883-1C6D-4785-9C82-9EEA78165C23}.Release|Any CPU.ActiveCfg = Release|Any CPU
		{833BB883-1C6D-4785-9C82-9EEA78165C23}.Release|Any CPU.Build.0 = Release|Any CPU
		{833BB883-1C6D-4785-9C82-9EEA78165C23}.Release|x86.ActiveCfg = Release|Any CPU
		{833BB883-1C6D-4785-9C82-9EEA78165C23}.Release|x86.Build.0 = Release|Any CPU
		{456B13FD-2997-474C-B83A-FCC825DB2E0D}.Debug|Any CPU.ActiveCfg = Debug|Any CPU
		{456B13FD-2997-474C-B83A-FCC825DB2E0D}.Debug|Any CPU.Build.0 = Debug|Any CPU
		{456B13FD-2997-474C-B83A-FCC825DB2E0D}.Debug|x86.ActiveCfg = Debug|Any CPU
		{456B13FD-2997-474C-B83A-FCC825DB2E0D}.Debug|x86.Build.0 = Debug|Any CPU
		{456B13FD-2997-474C-B83A-FCC825DB2E0D}.Release|Any CPU.ActiveCfg = Release|Any CPU
		{456B13FD-2997-474C-B83A-FCC825DB2E0D}.Release|Any CPU.Build.0 = Release|Any CPU
		{456B13FD-2997-474C-B83A-FCC825DB2E0D}.Release|x86.ActiveCfg = Release|Any CPU
		{456B13FD-2997-474C-B83A-FCC825DB2E0D}.Release|x86.Build.0 = Release|Any CPU
		{86C0FCBB-1991-4019-89E1-CFB61F308818}.Debug|Any CPU.ActiveCfg = Debug|Any CPU
		{86C0FCBB-1991-4019-89E1-CFB61F308818}.Debug|Any CPU.Build.0 = Debug|Any CPU
		{86C0FCBB-1991-4019-89E1-CFB61F308818}.Debug|x86.ActiveCfg = Debug|Any CPU
		{86C0FCBB-1991-4019-89E1-CFB61F308818}.Debug|x86.Build.0 = Debug|Any CPU
		{86C0FCBB-1991-4019-89E1-CFB61F308818}.Release|Any CPU.ActiveCfg = Release|Any CPU
		{86C0FCBB-1991-4019-89E1-CFB61F308818}.Release|Any CPU.Build.0 = Release|Any CPU
		{86C0FCBB-1991-4019-89E1-CFB61F308818}.Release|x86.ActiveCfg = Release|Any CPU
		{86C0FCBB-1991-4019-89E1-CFB61F308818}.Release|x86.Build.0 = Release|Any CPU
		{EC7B26DE-2744-43DE-A9F2-6C75B52533CD}.Debug|Any CPU.ActiveCfg = Debug|Any CPU
		{EC7B26DE-2744-43DE-A9F2-6C75B52533CD}.Debug|Any CPU.Build.0 = Debug|Any CPU
		{EC7B26DE-2744-43DE-A9F2-6C75B52533CD}.Debug|x86.ActiveCfg = Debug|Any CPU
		{EC7B26DE-2744-43DE-A9F2-6C75B52533CD}.Debug|x86.Build.0 = Debug|Any CPU
		{EC7B26DE-2744-43DE-A9F2-6C75B52533CD}.Release|Any CPU.ActiveCfg = Release|Any CPU
		{EC7B26DE-2744-43DE-A9F2-6C75B52533CD}.Release|Any CPU.Build.0 = Release|Any CPU
		{EC7B26DE-2744-43DE-A9F2-6C75B52533CD}.Release|x86.ActiveCfg = Release|Any CPU
		{EC7B26DE-2744-43DE-A9F2-6C75B52533CD}.Release|x86.Build.0 = Release|Any CPU
		{4ABDD478-E5AA-4985-9FE8-09FF1D02A16F}.Debug|Any CPU.ActiveCfg = Debug|Any CPU
		{4ABDD478-E5AA-4985-9FE8-09FF1D02A16F}.Debug|Any CPU.Build.0 = Debug|Any CPU
		{4ABDD478-E5AA-4985-9FE8-09FF1D02A16F}.Debug|x86.ActiveCfg = Debug|Any CPU
		{4ABDD478-E5AA-4985-9FE8-09FF1D02A16F}.Debug|x86.Build.0 = Debug|Any CPU
		{4ABDD478-E5AA-4985-9FE8-09FF1D02A16F}.Release|Any CPU.ActiveCfg = Release|Any CPU
		{4ABDD478-E5AA-4985-9FE8-09FF1D02A16F}.Release|Any CPU.Build.0 = Release|Any CPU
		{4ABDD478-E5AA-4985-9FE8-09FF1D02A16F}.Release|x86.ActiveCfg = Release|Any CPU
		{4ABDD478-E5AA-4985-9FE8-09FF1D02A16F}.Release|x86.Build.0 = Release|Any CPU
		{22E892CC-28F1-4B00-9B0B-1A1FAB547DBF}.Debug|Any CPU.ActiveCfg = Debug|Any CPU
		{22E892CC-28F1-4B00-9B0B-1A1FAB547DBF}.Debug|Any CPU.Build.0 = Debug|Any CPU
		{22E892CC-28F1-4B00-9B0B-1A1FAB547DBF}.Debug|x86.ActiveCfg = Debug|Any CPU
		{22E892CC-28F1-4B00-9B0B-1A1FAB547DBF}.Debug|x86.Build.0 = Debug|Any CPU
		{22E892CC-28F1-4B00-9B0B-1A1FAB547DBF}.Release|Any CPU.ActiveCfg = Release|Any CPU
		{22E892CC-28F1-4B00-9B0B-1A1FAB547DBF}.Release|Any CPU.Build.0 = Release|Any CPU
		{22E892CC-28F1-4B00-9B0B-1A1FAB547DBF}.Release|x86.ActiveCfg = Release|Any CPU
		{22E892CC-28F1-4B00-9B0B-1A1FAB547DBF}.Release|x86.Build.0 = Release|Any CPU
		{50B5AEAF-87B5-4A9E-85B0-0D65D5EF5B0C}.Debug|Any CPU.ActiveCfg = Debug|Any CPU
		{50B5AEAF-87B5-4A9E-85B0-0D65D5EF5B0C}.Debug|Any CPU.Build.0 = Debug|Any CPU
		{50B5AEAF-87B5-4A9E-85B0-0D65D5EF5B0C}.Debug|x86.ActiveCfg = Debug|Any CPU
		{50B5AEAF-87B5-4A9E-85B0-0D65D5EF5B0C}.Debug|x86.Build.0 = Debug|Any CPU
		{50B5AEAF-87B5-4A9E-85B0-0D65D5EF5B0C}.Release|Any CPU.ActiveCfg = Release|Any CPU
		{50B5AEAF-87B5-4A9E-85B0-0D65D5EF5B0C}.Release|Any CPU.Build.0 = Release|Any CPU
		{50B5AEAF-87B5-4A9E-85B0-0D65D5EF5B0C}.Release|x86.ActiveCfg = Release|Any CPU
		{50B5AEAF-87B5-4A9E-85B0-0D65D5EF5B0C}.Release|x86.Build.0 = Release|Any CPU
		{1935E830-DEEC-43A2-BD6E-276BB87844BC}.Debug|Any CPU.ActiveCfg = Debug|Any CPU
		{1935E830-DEEC-43A2-BD6E-276BB87844BC}.Debug|Any CPU.Build.0 = Debug|Any CPU
		{1935E830-DEEC-43A2-BD6E-276BB87844BC}.Debug|x86.ActiveCfg = Debug|Any CPU
		{1935E830-DEEC-43A2-BD6E-276BB87844BC}.Debug|x86.Build.0 = Debug|Any CPU
		{1935E830-DEEC-43A2-BD6E-276BB87844BC}.Release|Any CPU.ActiveCfg = Release|Any CPU
		{1935E830-DEEC-43A2-BD6E-276BB87844BC}.Release|Any CPU.Build.0 = Release|Any CPU
		{1935E830-DEEC-43A2-BD6E-276BB87844BC}.Release|x86.ActiveCfg = Release|Any CPU
		{1935E830-DEEC-43A2-BD6E-276BB87844BC}.Release|x86.Build.0 = Release|Any CPU
		{77DCCFC9-4FFC-4A77-9D3D-CD7DF249F989}.Debug|Any CPU.ActiveCfg = Debug|Any CPU
		{77DCCFC9-4FFC-4A77-9D3D-CD7DF249F989}.Debug|Any CPU.Build.0 = Debug|Any CPU
		{77DCCFC9-4FFC-4A77-9D3D-CD7DF249F989}.Debug|x86.ActiveCfg = Debug|Any CPU
		{77DCCFC9-4FFC-4A77-9D3D-CD7DF249F989}.Debug|x86.Build.0 = Debug|Any CPU
		{77DCCFC9-4FFC-4A77-9D3D-CD7DF249F989}.Release|Any CPU.ActiveCfg = Release|Any CPU
		{77DCCFC9-4FFC-4A77-9D3D-CD7DF249F989}.Release|Any CPU.Build.0 = Release|Any CPU
		{77DCCFC9-4FFC-4A77-9D3D-CD7DF249F989}.Release|x86.ActiveCfg = Release|Any CPU
		{77DCCFC9-4FFC-4A77-9D3D-CD7DF249F989}.Release|x86.Build.0 = Release|Any CPU
		{41359E0E-5455-46DC-A91D-4118277F967C}.Debug|Any CPU.ActiveCfg = Debug|Any CPU
		{41359E0E-5455-46DC-A91D-4118277F967C}.Debug|Any CPU.Build.0 = Debug|Any CPU
		{41359E0E-5455-46DC-A91D-4118277F967C}.Debug|x86.ActiveCfg = Debug|Any CPU
		{41359E0E-5455-46DC-A91D-4118277F967C}.Debug|x86.Build.0 = Debug|Any CPU
		{41359E0E-5455-46DC-A91D-4118277F967C}.Release|Any CPU.ActiveCfg = Release|Any CPU
		{41359E0E-5455-46DC-A91D-4118277F967C}.Release|Any CPU.Build.0 = Release|Any CPU
		{41359E0E-5455-46DC-A91D-4118277F967C}.Release|x86.ActiveCfg = Release|Any CPU
		{41359E0E-5455-46DC-A91D-4118277F967C}.Release|x86.Build.0 = Release|Any CPU
		{8E6DB353-7298-4AD0-A8B7-3349E6EC8FA3}.Debug|Any CPU.ActiveCfg = Debug|Any CPU
		{8E6DB353-7298-4AD0-A8B7-3349E6EC8FA3}.Debug|Any CPU.Build.0 = Debug|Any CPU
		{8E6DB353-7298-4AD0-A8B7-3349E6EC8FA3}.Debug|x86.ActiveCfg = Debug|Any CPU
		{8E6DB353-7298-4AD0-A8B7-3349E6EC8FA3}.Debug|x86.Build.0 = Debug|Any CPU
		{8E6DB353-7298-4AD0-A8B7-3349E6EC8FA3}.Release|Any CPU.ActiveCfg = Release|Any CPU
		{8E6DB353-7298-4AD0-A8B7-3349E6EC8FA3}.Release|Any CPU.Build.0 = Release|Any CPU
		{8E6DB353-7298-4AD0-A8B7-3349E6EC8FA3}.Release|x86.ActiveCfg = Release|Any CPU
		{8E6DB353-7298-4AD0-A8B7-3349E6EC8FA3}.Release|x86.Build.0 = Release|Any CPU
		{FBEDD0DA-7B82-475B-85C7-57965730531D}.Debug|Any CPU.ActiveCfg = Debug|Any CPU
		{FBEDD0DA-7B82-475B-85C7-57965730531D}.Debug|Any CPU.Build.0 = Debug|Any CPU
		{FBEDD0DA-7B82-475B-85C7-57965730531D}.Debug|x86.ActiveCfg = Debug|Any CPU
		{FBEDD0DA-7B82-475B-85C7-57965730531D}.Debug|x86.Build.0 = Debug|Any CPU
		{FBEDD0DA-7B82-475B-85C7-57965730531D}.Release|Any CPU.ActiveCfg = Release|Any CPU
		{FBEDD0DA-7B82-475B-85C7-57965730531D}.Release|Any CPU.Build.0 = Release|Any CPU
		{FBEDD0DA-7B82-475B-85C7-57965730531D}.Release|x86.ActiveCfg = Release|Any CPU
		{FBEDD0DA-7B82-475B-85C7-57965730531D}.Release|x86.Build.0 = Release|Any CPU
		{79150E12-0240-44A5-AE8E-C382C43089AA}.Debug|Any CPU.ActiveCfg = Debug|Any CPU
		{79150E12-0240-44A5-AE8E-C382C43089AA}.Debug|Any CPU.Build.0 = Debug|Any CPU
		{79150E12-0240-44A5-AE8E-C382C43089AA}.Debug|x86.ActiveCfg = Debug|Any CPU
		{79150E12-0240-44A5-AE8E-C382C43089AA}.Debug|x86.Build.0 = Debug|Any CPU
		{79150E12-0240-44A5-AE8E-C382C43089AA}.Release|Any CPU.ActiveCfg = Release|Any CPU
		{79150E12-0240-44A5-AE8E-C382C43089AA}.Release|Any CPU.Build.0 = Release|Any CPU
		{79150E12-0240-44A5-AE8E-C382C43089AA}.Release|x86.ActiveCfg = Release|Any CPU
		{79150E12-0240-44A5-AE8E-C382C43089AA}.Release|x86.Build.0 = Release|Any CPU
		{C430CED6-9983-4A81-BABF-B028FBD293D9}.Debug|Any CPU.ActiveCfg = Debug|Any CPU
		{C430CED6-9983-4A81-BABF-B028FBD293D9}.Debug|Any CPU.Build.0 = Debug|Any CPU
		{C430CED6-9983-4A81-BABF-B028FBD293D9}.Debug|x86.ActiveCfg = Debug|Any CPU
		{C430CED6-9983-4A81-BABF-B028FBD293D9}.Debug|x86.Build.0 = Debug|Any CPU
		{C430CED6-9983-4A81-BABF-B028FBD293D9}.Release|Any CPU.ActiveCfg = Release|Any CPU
		{C430CED6-9983-4A81-BABF-B028FBD293D9}.Release|Any CPU.Build.0 = Release|Any CPU
		{C430CED6-9983-4A81-BABF-B028FBD293D9}.Release|x86.ActiveCfg = Release|Any CPU
		{C430CED6-9983-4A81-BABF-B028FBD293D9}.Release|x86.Build.0 = Release|Any CPU
		{EF3172A5-A40F-43E5-AE5D-43D5AB4E8657}.Debug|Any CPU.ActiveCfg = Debug|Any CPU
		{EF3172A5-A40F-43E5-AE5D-43D5AB4E8657}.Debug|Any CPU.Build.0 = Debug|Any CPU
		{EF3172A5-A40F-43E5-AE5D-43D5AB4E8657}.Debug|x86.ActiveCfg = Debug|Any CPU
		{EF3172A5-A40F-43E5-AE5D-43D5AB4E8657}.Debug|x86.Build.0 = Debug|Any CPU
		{EF3172A5-A40F-43E5-AE5D-43D5AB4E8657}.Release|Any CPU.ActiveCfg = Release|Any CPU
		{EF3172A5-A40F-43E5-AE5D-43D5AB4E8657}.Release|Any CPU.Build.0 = Release|Any CPU
		{EF3172A5-A40F-43E5-AE5D-43D5AB4E8657}.Release|x86.ActiveCfg = Release|Any CPU
		{EF3172A5-A40F-43E5-AE5D-43D5AB4E8657}.Release|x86.Build.0 = Release|Any CPU
		{4518AECE-D29A-41BB-98C0-8C51AD4FA957}.Debug|Any CPU.ActiveCfg = Debug|Any CPU
		{4518AECE-D29A-41BB-98C0-8C51AD4FA957}.Debug|Any CPU.Build.0 = Debug|Any CPU
		{4518AECE-D29A-41BB-98C0-8C51AD4FA957}.Debug|x86.ActiveCfg = Debug|Any CPU
		{4518AECE-D29A-41BB-98C0-8C51AD4FA957}.Debug|x86.Build.0 = Debug|Any CPU
		{4518AECE-D29A-41BB-98C0-8C51AD4FA957}.Release|Any CPU.ActiveCfg = Release|Any CPU
		{4518AECE-D29A-41BB-98C0-8C51AD4FA957}.Release|Any CPU.Build.0 = Release|Any CPU
		{4518AECE-D29A-41BB-98C0-8C51AD4FA957}.Release|x86.ActiveCfg = Release|Any CPU
		{4518AECE-D29A-41BB-98C0-8C51AD4FA957}.Release|x86.Build.0 = Release|Any CPU
		{51DFC0C8-213C-48FB-96E0-55B7629513FE}.Debug|Any CPU.ActiveCfg = Debug|Any CPU
		{51DFC0C8-213C-48FB-96E0-55B7629513FE}.Debug|Any CPU.Build.0 = Debug|Any CPU
		{51DFC0C8-213C-48FB-96E0-55B7629513FE}.Debug|x86.ActiveCfg = Debug|Any CPU
		{51DFC0C8-213C-48FB-96E0-55B7629513FE}.Debug|x86.Build.0 = Debug|Any CPU
		{51DFC0C8-213C-48FB-96E0-55B7629513FE}.Release|Any CPU.ActiveCfg = Release|Any CPU
		{51DFC0C8-213C-48FB-96E0-55B7629513FE}.Release|Any CPU.Build.0 = Release|Any CPU
		{51DFC0C8-213C-48FB-96E0-55B7629513FE}.Release|x86.ActiveCfg = Release|Any CPU
		{51DFC0C8-213C-48FB-96E0-55B7629513FE}.Release|x86.Build.0 = Release|Any CPU
		{EB78BFEE-9E87-4C29-95EE-A4E7D6C670E6}.Debug|Any CPU.ActiveCfg = Debug|Any CPU
		{EB78BFEE-9E87-4C29-95EE-A4E7D6C670E6}.Debug|Any CPU.Build.0 = Debug|Any CPU
		{EB78BFEE-9E87-4C29-95EE-A4E7D6C670E6}.Debug|x86.ActiveCfg = Debug|Any CPU
		{EB78BFEE-9E87-4C29-95EE-A4E7D6C670E6}.Debug|x86.Build.0 = Debug|Any CPU
		{EB78BFEE-9E87-4C29-95EE-A4E7D6C670E6}.Release|Any CPU.ActiveCfg = Release|Any CPU
		{EB78BFEE-9E87-4C29-95EE-A4E7D6C670E6}.Release|Any CPU.Build.0 = Release|Any CPU
		{EB78BFEE-9E87-4C29-95EE-A4E7D6C670E6}.Release|x86.ActiveCfg = Release|Any CPU
		{EB78BFEE-9E87-4C29-95EE-A4E7D6C670E6}.Release|x86.Build.0 = Release|Any CPU
		{34EAA3C5-2584-4236-95A8-08552821186E}.Debug|Any CPU.ActiveCfg = Debug|Any CPU
		{34EAA3C5-2584-4236-95A8-08552821186E}.Debug|Any CPU.Build.0 = Debug|Any CPU
		{34EAA3C5-2584-4236-95A8-08552821186E}.Debug|x86.ActiveCfg = Debug|Any CPU
		{34EAA3C5-2584-4236-95A8-08552821186E}.Debug|x86.Build.0 = Debug|Any CPU
		{34EAA3C5-2584-4236-95A8-08552821186E}.Release|Any CPU.ActiveCfg = Release|Any CPU
		{34EAA3C5-2584-4236-95A8-08552821186E}.Release|Any CPU.Build.0 = Release|Any CPU
		{34EAA3C5-2584-4236-95A8-08552821186E}.Release|x86.ActiveCfg = Release|Any CPU
		{34EAA3C5-2584-4236-95A8-08552821186E}.Release|x86.Build.0 = Release|Any CPU
		{FFEF44C8-789D-44FD-A3F2-A4F7E88F2DAB}.Debug|Any CPU.ActiveCfg = Debug|Any CPU
		{FFEF44C8-789D-44FD-A3F2-A4F7E88F2DAB}.Debug|Any CPU.Build.0 = Debug|Any CPU
		{FFEF44C8-789D-44FD-A3F2-A4F7E88F2DAB}.Debug|x86.ActiveCfg = Debug|Any CPU
		{FFEF44C8-789D-44FD-A3F2-A4F7E88F2DAB}.Debug|x86.Build.0 = Debug|Any CPU
		{FFEF44C8-789D-44FD-A3F2-A4F7E88F2DAB}.Release|Any CPU.ActiveCfg = Release|Any CPU
		{FFEF44C8-789D-44FD-A3F2-A4F7E88F2DAB}.Release|Any CPU.Build.0 = Release|Any CPU
		{FFEF44C8-789D-44FD-A3F2-A4F7E88F2DAB}.Release|x86.ActiveCfg = Release|Any CPU
		{FFEF44C8-789D-44FD-A3F2-A4F7E88F2DAB}.Release|x86.Build.0 = Release|Any CPU
		{1726CFDC-AB45-4792-B261-2BCB4169E70C}.Debug|Any CPU.ActiveCfg = Debug|Any CPU
		{1726CFDC-AB45-4792-B261-2BCB4169E70C}.Debug|Any CPU.Build.0 = Debug|Any CPU
		{1726CFDC-AB45-4792-B261-2BCB4169E70C}.Debug|x86.ActiveCfg = Debug|Any CPU
		{1726CFDC-AB45-4792-B261-2BCB4169E70C}.Debug|x86.Build.0 = Debug|Any CPU
		{1726CFDC-AB45-4792-B261-2BCB4169E70C}.Release|Any CPU.ActiveCfg = Release|Any CPU
		{1726CFDC-AB45-4792-B261-2BCB4169E70C}.Release|Any CPU.Build.0 = Release|Any CPU
		{1726CFDC-AB45-4792-B261-2BCB4169E70C}.Release|x86.ActiveCfg = Release|Any CPU
		{1726CFDC-AB45-4792-B261-2BCB4169E70C}.Release|x86.Build.0 = Release|Any CPU
		{E9CC6B80-3092-4DF1-8CB8-ED4BBAA57C8D}.Debug|Any CPU.ActiveCfg = Debug|Any CPU
		{E9CC6B80-3092-4DF1-8CB8-ED4BBAA57C8D}.Debug|Any CPU.Build.0 = Debug|Any CPU
		{E9CC6B80-3092-4DF1-8CB8-ED4BBAA57C8D}.Debug|x86.ActiveCfg = Debug|Any CPU
		{E9CC6B80-3092-4DF1-8CB8-ED4BBAA57C8D}.Debug|x86.Build.0 = Debug|Any CPU
		{E9CC6B80-3092-4DF1-8CB8-ED4BBAA57C8D}.Release|Any CPU.ActiveCfg = Release|Any CPU
		{E9CC6B80-3092-4DF1-8CB8-ED4BBAA57C8D}.Release|Any CPU.Build.0 = Release|Any CPU
		{E9CC6B80-3092-4DF1-8CB8-ED4BBAA57C8D}.Release|x86.ActiveCfg = Release|Any CPU
		{E9CC6B80-3092-4DF1-8CB8-ED4BBAA57C8D}.Release|x86.Build.0 = Release|Any CPU
		{28049674-EC59-411B-AB57-F0B46CBC412B}.Debug|Any CPU.ActiveCfg = Debug|Any CPU
		{28049674-EC59-411B-AB57-F0B46CBC412B}.Debug|Any CPU.Build.0 = Debug|Any CPU
		{28049674-EC59-411B-AB57-F0B46CBC412B}.Debug|x86.ActiveCfg = Debug|Any CPU
		{28049674-EC59-411B-AB57-F0B46CBC412B}.Debug|x86.Build.0 = Debug|Any CPU
		{28049674-EC59-411B-AB57-F0B46CBC412B}.Release|Any CPU.ActiveCfg = Release|Any CPU
		{28049674-EC59-411B-AB57-F0B46CBC412B}.Release|Any CPU.Build.0 = Release|Any CPU
		{28049674-EC59-411B-AB57-F0B46CBC412B}.Release|x86.ActiveCfg = Release|Any CPU
		{28049674-EC59-411B-AB57-F0B46CBC412B}.Release|x86.Build.0 = Release|Any CPU
		{7388C815-C5E3-4B7B-8219-CFF50469C1F6}.Debug|Any CPU.ActiveCfg = Debug|Any CPU
		{7388C815-C5E3-4B7B-8219-CFF50469C1F6}.Debug|Any CPU.Build.0 = Debug|Any CPU
		{7388C815-C5E3-4B7B-8219-CFF50469C1F6}.Debug|x86.ActiveCfg = Debug|Any CPU
		{7388C815-C5E3-4B7B-8219-CFF50469C1F6}.Debug|x86.Build.0 = Debug|Any CPU
		{7388C815-C5E3-4B7B-8219-CFF50469C1F6}.Release|Any CPU.ActiveCfg = Release|Any CPU
		{7388C815-C5E3-4B7B-8219-CFF50469C1F6}.Release|Any CPU.Build.0 = Release|Any CPU
		{7388C815-C5E3-4B7B-8219-CFF50469C1F6}.Release|x86.ActiveCfg = Release|Any CPU
		{7388C815-C5E3-4B7B-8219-CFF50469C1F6}.Release|x86.Build.0 = Release|Any CPU
		{F04A8801-FC8C-4F17-A7D9-81BDB2FDB24F}.Debug|Any CPU.ActiveCfg = Debug|Any CPU
		{F04A8801-FC8C-4F17-A7D9-81BDB2FDB24F}.Debug|Any CPU.Build.0 = Debug|Any CPU
		{F04A8801-FC8C-4F17-A7D9-81BDB2FDB24F}.Debug|x86.ActiveCfg = Debug|Any CPU
		{F04A8801-FC8C-4F17-A7D9-81BDB2FDB24F}.Debug|x86.Build.0 = Debug|Any CPU
		{F04A8801-FC8C-4F17-A7D9-81BDB2FDB24F}.Release|Any CPU.ActiveCfg = Release|Any CPU
		{F04A8801-FC8C-4F17-A7D9-81BDB2FDB24F}.Release|Any CPU.Build.0 = Release|Any CPU
		{F04A8801-FC8C-4F17-A7D9-81BDB2FDB24F}.Release|x86.ActiveCfg = Release|Any CPU
		{F04A8801-FC8C-4F17-A7D9-81BDB2FDB24F}.Release|x86.Build.0 = Release|Any CPU
		{655E3813-AF73-4561-AC82-5D11F31D7996}.Debug|Any CPU.ActiveCfg = Debug|Any CPU
		{655E3813-AF73-4561-AC82-5D11F31D7996}.Debug|Any CPU.Build.0 = Debug|Any CPU
		{655E3813-AF73-4561-AC82-5D11F31D7996}.Debug|x86.ActiveCfg = Debug|Any CPU
		{655E3813-AF73-4561-AC82-5D11F31D7996}.Debug|x86.Build.0 = Debug|Any CPU
		{655E3813-AF73-4561-AC82-5D11F31D7996}.Release|Any CPU.ActiveCfg = Release|Any CPU
		{655E3813-AF73-4561-AC82-5D11F31D7996}.Release|Any CPU.Build.0 = Release|Any CPU
		{655E3813-AF73-4561-AC82-5D11F31D7996}.Release|x86.ActiveCfg = Release|Any CPU
		{655E3813-AF73-4561-AC82-5D11F31D7996}.Release|x86.Build.0 = Release|Any CPU
		{856FE34A-8FA5-49E2-844F-FCDB03D1A255}.Debug|Any CPU.ActiveCfg = Debug|Any CPU
		{856FE34A-8FA5-49E2-844F-FCDB03D1A255}.Debug|Any CPU.Build.0 = Debug|Any CPU
		{856FE34A-8FA5-49E2-844F-FCDB03D1A255}.Debug|x86.ActiveCfg = Debug|Any CPU
		{856FE34A-8FA5-49E2-844F-FCDB03D1A255}.Debug|x86.Build.0 = Debug|Any CPU
		{856FE34A-8FA5-49E2-844F-FCDB03D1A255}.Release|Any CPU.ActiveCfg = Release|Any CPU
		{856FE34A-8FA5-49E2-844F-FCDB03D1A255}.Release|Any CPU.Build.0 = Release|Any CPU
		{856FE34A-8FA5-49E2-844F-FCDB03D1A255}.Release|x86.ActiveCfg = Release|Any CPU
		{856FE34A-8FA5-49E2-844F-FCDB03D1A255}.Release|x86.Build.0 = Release|Any CPU
		{9830B566-3513-4DA6-A579-2363ADCC3876}.Debug|Any CPU.ActiveCfg = Debug|Any CPU
		{9830B566-3513-4DA6-A579-2363ADCC3876}.Debug|Any CPU.Build.0 = Debug|Any CPU
		{9830B566-3513-4DA6-A579-2363ADCC3876}.Debug|x86.ActiveCfg = Debug|Any CPU
		{9830B566-3513-4DA6-A579-2363ADCC3876}.Debug|x86.Build.0 = Debug|Any CPU
		{9830B566-3513-4DA6-A579-2363ADCC3876}.Release|Any CPU.ActiveCfg = Release|Any CPU
		{9830B566-3513-4DA6-A579-2363ADCC3876}.Release|Any CPU.Build.0 = Release|Any CPU
		{9830B566-3513-4DA6-A579-2363ADCC3876}.Release|x86.ActiveCfg = Release|Any CPU
		{9830B566-3513-4DA6-A579-2363ADCC3876}.Release|x86.Build.0 = Release|Any CPU
		{ABD6A783-37DB-422E-816C-82E8ABF16185}.Debug|Any CPU.ActiveCfg = Debug|Any CPU
		{ABD6A783-37DB-422E-816C-82E8ABF16185}.Debug|Any CPU.Build.0 = Debug|Any CPU
		{ABD6A783-37DB-422E-816C-82E8ABF16185}.Debug|x86.ActiveCfg = Debug|Any CPU
		{ABD6A783-37DB-422E-816C-82E8ABF16185}.Debug|x86.Build.0 = Debug|Any CPU
		{ABD6A783-37DB-422E-816C-82E8ABF16185}.Release|Any CPU.ActiveCfg = Release|Any CPU
		{ABD6A783-37DB-422E-816C-82E8ABF16185}.Release|Any CPU.Build.0 = Release|Any CPU
		{ABD6A783-37DB-422E-816C-82E8ABF16185}.Release|x86.ActiveCfg = Release|Any CPU
		{ABD6A783-37DB-422E-816C-82E8ABF16185}.Release|x86.Build.0 = Release|Any CPU
		{F5A0906D-DA7E-4435-935F-94451A574D0E}.Debug|Any CPU.ActiveCfg = Debug|Any CPU
		{F5A0906D-DA7E-4435-935F-94451A574D0E}.Debug|Any CPU.Build.0 = Debug|Any CPU
		{F5A0906D-DA7E-4435-935F-94451A574D0E}.Debug|x86.ActiveCfg = Debug|Any CPU
		{F5A0906D-DA7E-4435-935F-94451A574D0E}.Debug|x86.Build.0 = Debug|Any CPU
		{F5A0906D-DA7E-4435-935F-94451A574D0E}.Release|Any CPU.ActiveCfg = Release|Any CPU
		{F5A0906D-DA7E-4435-935F-94451A574D0E}.Release|Any CPU.Build.0 = Release|Any CPU
		{F5A0906D-DA7E-4435-935F-94451A574D0E}.Release|x86.ActiveCfg = Release|Any CPU
		{F5A0906D-DA7E-4435-935F-94451A574D0E}.Release|x86.Build.0 = Release|Any CPU
		{A8BA858E-60ED-4CAC-93CA-3BD0E8A44321}.Debug|Any CPU.ActiveCfg = Debug|Any CPU
		{A8BA858E-60ED-4CAC-93CA-3BD0E8A44321}.Debug|Any CPU.Build.0 = Debug|Any CPU
		{A8BA858E-60ED-4CAC-93CA-3BD0E8A44321}.Debug|x86.ActiveCfg = Debug|Any CPU
		{A8BA858E-60ED-4CAC-93CA-3BD0E8A44321}.Debug|x86.Build.0 = Debug|Any CPU
		{A8BA858E-60ED-4CAC-93CA-3BD0E8A44321}.Release|Any CPU.ActiveCfg = Release|Any CPU
		{A8BA858E-60ED-4CAC-93CA-3BD0E8A44321}.Release|Any CPU.Build.0 = Release|Any CPU
		{A8BA858E-60ED-4CAC-93CA-3BD0E8A44321}.Release|x86.ActiveCfg = Release|Any CPU
		{A8BA858E-60ED-4CAC-93CA-3BD0E8A44321}.Release|x86.Build.0 = Release|Any CPU
		{296C8122-342C-404B-9FD2-1AB89AB8B60F}.Debug|Any CPU.ActiveCfg = Debug|Any CPU
		{296C8122-342C-404B-9FD2-1AB89AB8B60F}.Debug|Any CPU.Build.0 = Debug|Any CPU
		{296C8122-342C-404B-9FD2-1AB89AB8B60F}.Debug|x86.ActiveCfg = Debug|Any CPU
		{296C8122-342C-404B-9FD2-1AB89AB8B60F}.Debug|x86.Build.0 = Debug|Any CPU
		{296C8122-342C-404B-9FD2-1AB89AB8B60F}.Release|Any CPU.ActiveCfg = Release|Any CPU
		{296C8122-342C-404B-9FD2-1AB89AB8B60F}.Release|Any CPU.Build.0 = Release|Any CPU
		{296C8122-342C-404B-9FD2-1AB89AB8B60F}.Release|x86.ActiveCfg = Release|Any CPU
		{296C8122-342C-404B-9FD2-1AB89AB8B60F}.Release|x86.Build.0 = Release|Any CPU
		{A0FA309B-3A2E-4131-A653-AEE1B11115B9}.Debug|Any CPU.ActiveCfg = Debug|Any CPU
		{A0FA309B-3A2E-4131-A653-AEE1B11115B9}.Debug|Any CPU.Build.0 = Debug|Any CPU
		{A0FA309B-3A2E-4131-A653-AEE1B11115B9}.Debug|x86.ActiveCfg = Debug|Any CPU
		{A0FA309B-3A2E-4131-A653-AEE1B11115B9}.Debug|x86.Build.0 = Debug|Any CPU
		{A0FA309B-3A2E-4131-A653-AEE1B11115B9}.Release|Any CPU.ActiveCfg = Release|Any CPU
		{A0FA309B-3A2E-4131-A653-AEE1B11115B9}.Release|Any CPU.Build.0 = Release|Any CPU
		{A0FA309B-3A2E-4131-A653-AEE1B11115B9}.Release|x86.ActiveCfg = Release|Any CPU
		{A0FA309B-3A2E-4131-A653-AEE1B11115B9}.Release|x86.Build.0 = Release|Any CPU
		{948B8524-82CE-4A6F-B8CA-E23B573E737B}.Debug|Any CPU.ActiveCfg = Debug|Any CPU
		{948B8524-82CE-4A6F-B8CA-E23B573E737B}.Debug|Any CPU.Build.0 = Debug|Any CPU
		{948B8524-82CE-4A6F-B8CA-E23B573E737B}.Debug|x86.ActiveCfg = Debug|Any CPU
		{948B8524-82CE-4A6F-B8CA-E23B573E737B}.Debug|x86.Build.0 = Debug|Any CPU
		{948B8524-82CE-4A6F-B8CA-E23B573E737B}.Release|Any CPU.ActiveCfg = Release|Any CPU
		{948B8524-82CE-4A6F-B8CA-E23B573E737B}.Release|Any CPU.Build.0 = Release|Any CPU
		{948B8524-82CE-4A6F-B8CA-E23B573E737B}.Release|x86.ActiveCfg = Release|Any CPU
		{948B8524-82CE-4A6F-B8CA-E23B573E737B}.Release|x86.Build.0 = Release|Any CPU
		{4B32D3D6-0775-49C1-B7FA-184360933B99}.Debug|Any CPU.ActiveCfg = Debug|Any CPU
		{4B32D3D6-0775-49C1-B7FA-184360933B99}.Debug|Any CPU.Build.0 = Debug|Any CPU
		{4B32D3D6-0775-49C1-B7FA-184360933B99}.Debug|x86.ActiveCfg = Debug|Any CPU
		{4B32D3D6-0775-49C1-B7FA-184360933B99}.Debug|x86.Build.0 = Debug|Any CPU
		{4B32D3D6-0775-49C1-B7FA-184360933B99}.Release|Any CPU.ActiveCfg = Release|Any CPU
		{4B32D3D6-0775-49C1-B7FA-184360933B99}.Release|Any CPU.Build.0 = Release|Any CPU
		{4B32D3D6-0775-49C1-B7FA-184360933B99}.Release|x86.ActiveCfg = Release|Any CPU
		{4B32D3D6-0775-49C1-B7FA-184360933B99}.Release|x86.Build.0 = Release|Any CPU
		{D6563A62-15A3-4338-812E-C0B0740B0753}.Debug|Any CPU.ActiveCfg = Debug|Any CPU
		{D6563A62-15A3-4338-812E-C0B0740B0753}.Debug|Any CPU.Build.0 = Debug|Any CPU
		{D6563A62-15A3-4338-812E-C0B0740B0753}.Debug|x86.ActiveCfg = Debug|Any CPU
		{D6563A62-15A3-4338-812E-C0B0740B0753}.Debug|x86.Build.0 = Debug|Any CPU
		{D6563A62-15A3-4338-812E-C0B0740B0753}.Release|Any CPU.ActiveCfg = Release|Any CPU
		{D6563A62-15A3-4338-812E-C0B0740B0753}.Release|Any CPU.Build.0 = Release|Any CPU
		{D6563A62-15A3-4338-812E-C0B0740B0753}.Release|x86.ActiveCfg = Release|Any CPU
		{D6563A62-15A3-4338-812E-C0B0740B0753}.Release|x86.Build.0 = Release|Any CPU
		{FEAC1908-AE0A-4EDC-89E0-33FD26EAEE70}.Debug|Any CPU.ActiveCfg = Debug|Any CPU
		{FEAC1908-AE0A-4EDC-89E0-33FD26EAEE70}.Debug|Any CPU.Build.0 = Debug|Any CPU
		{FEAC1908-AE0A-4EDC-89E0-33FD26EAEE70}.Debug|x86.ActiveCfg = Debug|Any CPU
		{FEAC1908-AE0A-4EDC-89E0-33FD26EAEE70}.Debug|x86.Build.0 = Debug|Any CPU
		{FEAC1908-AE0A-4EDC-89E0-33FD26EAEE70}.Release|Any CPU.ActiveCfg = Release|Any CPU
		{FEAC1908-AE0A-4EDC-89E0-33FD26EAEE70}.Release|Any CPU.Build.0 = Release|Any CPU
		{FEAC1908-AE0A-4EDC-89E0-33FD26EAEE70}.Release|x86.ActiveCfg = Release|Any CPU
		{FEAC1908-AE0A-4EDC-89E0-33FD26EAEE70}.Release|x86.Build.0 = Release|Any CPU
		{CED2285E-0117-4C7C-A9A6-77D50763FD6B}.Debug|Any CPU.ActiveCfg = Debug|Any CPU
		{CED2285E-0117-4C7C-A9A6-77D50763FD6B}.Debug|Any CPU.Build.0 = Debug|Any CPU
		{CED2285E-0117-4C7C-A9A6-77D50763FD6B}.Debug|x86.ActiveCfg = Debug|Any CPU
		{CED2285E-0117-4C7C-A9A6-77D50763FD6B}.Debug|x86.Build.0 = Debug|Any CPU
		{CED2285E-0117-4C7C-A9A6-77D50763FD6B}.Release|Any CPU.ActiveCfg = Release|Any CPU
		{CED2285E-0117-4C7C-A9A6-77D50763FD6B}.Release|Any CPU.Build.0 = Release|Any CPU
		{CED2285E-0117-4C7C-A9A6-77D50763FD6B}.Release|x86.ActiveCfg = Release|Any CPU
		{CED2285E-0117-4C7C-A9A6-77D50763FD6B}.Release|x86.Build.0 = Release|Any CPU
		{E54442C2-57D1-4D98-940D-CF859CEBD159}.Debug|Any CPU.ActiveCfg = Debug|Any CPU
		{E54442C2-57D1-4D98-940D-CF859CEBD159}.Debug|Any CPU.Build.0 = Debug|Any CPU
		{E54442C2-57D1-4D98-940D-CF859CEBD159}.Debug|x86.ActiveCfg = Debug|Any CPU
		{E54442C2-57D1-4D98-940D-CF859CEBD159}.Debug|x86.Build.0 = Debug|Any CPU
		{E54442C2-57D1-4D98-940D-CF859CEBD159}.Release|Any CPU.ActiveCfg = Release|Any CPU
		{E54442C2-57D1-4D98-940D-CF859CEBD159}.Release|Any CPU.Build.0 = Release|Any CPU
		{E54442C2-57D1-4D98-940D-CF859CEBD159}.Release|x86.ActiveCfg = Release|Any CPU
		{E54442C2-57D1-4D98-940D-CF859CEBD159}.Release|x86.Build.0 = Release|Any CPU
		{6E8A1BAE-5078-4B77-8241-283FCFFC6846}.Debug|Any CPU.ActiveCfg = Debug|Any CPU
		{6E8A1BAE-5078-4B77-8241-283FCFFC6846}.Debug|Any CPU.Build.0 = Debug|Any CPU
		{6E8A1BAE-5078-4B77-8241-283FCFFC6846}.Debug|x86.ActiveCfg = Debug|Any CPU
		{6E8A1BAE-5078-4B77-8241-283FCFFC6846}.Debug|x86.Build.0 = Debug|Any CPU
		{6E8A1BAE-5078-4B77-8241-283FCFFC6846}.Release|Any CPU.ActiveCfg = Release|Any CPU
		{6E8A1BAE-5078-4B77-8241-283FCFFC6846}.Release|Any CPU.Build.0 = Release|Any CPU
		{6E8A1BAE-5078-4B77-8241-283FCFFC6846}.Release|x86.ActiveCfg = Release|Any CPU
		{6E8A1BAE-5078-4B77-8241-283FCFFC6846}.Release|x86.Build.0 = Release|Any CPU
		{A892D626-CF3A-4080-8B10-01293C4DD570}.Debug|Any CPU.ActiveCfg = Debug|Any CPU
		{A892D626-CF3A-4080-8B10-01293C4DD570}.Debug|Any CPU.Build.0 = Debug|Any CPU
		{A892D626-CF3A-4080-8B10-01293C4DD570}.Debug|x86.ActiveCfg = Debug|Any CPU
		{A892D626-CF3A-4080-8B10-01293C4DD570}.Debug|x86.Build.0 = Debug|Any CPU
		{A892D626-CF3A-4080-8B10-01293C4DD570}.Release|Any CPU.ActiveCfg = Release|Any CPU
		{A892D626-CF3A-4080-8B10-01293C4DD570}.Release|Any CPU.Build.0 = Release|Any CPU
		{A892D626-CF3A-4080-8B10-01293C4DD570}.Release|x86.ActiveCfg = Release|Any CPU
		{A892D626-CF3A-4080-8B10-01293C4DD570}.Release|x86.Build.0 = Release|Any CPU
		{3D7B4EFA-1CB9-41BD-AC79-D43D7662F75D}.Debug|Any CPU.ActiveCfg = Debug|Any CPU
		{3D7B4EFA-1CB9-41BD-AC79-D43D7662F75D}.Debug|Any CPU.Build.0 = Debug|Any CPU
		{3D7B4EFA-1CB9-41BD-AC79-D43D7662F75D}.Debug|x86.ActiveCfg = Debug|Any CPU
		{3D7B4EFA-1CB9-41BD-AC79-D43D7662F75D}.Debug|x86.Build.0 = Debug|Any CPU
		{3D7B4EFA-1CB9-41BD-AC79-D43D7662F75D}.Release|Any CPU.ActiveCfg = Release|Any CPU
		{3D7B4EFA-1CB9-41BD-AC79-D43D7662F75D}.Release|Any CPU.Build.0 = Release|Any CPU
		{3D7B4EFA-1CB9-41BD-AC79-D43D7662F75D}.Release|x86.ActiveCfg = Release|Any CPU
		{3D7B4EFA-1CB9-41BD-AC79-D43D7662F75D}.Release|x86.Build.0 = Release|Any CPU
	EndGlobalSection
	GlobalSection(SolutionProperties) = preSolution
		HideSolutionNode = FALSE
	EndGlobalSection
	GlobalSection(NestedProjects) = preSolution
		{F63DA620-5FD9-4E0A-855E-6A838B861348} = {3B9DC156-3309-4791-9335-AEE128EE50B2}
		{E499C707-9A41-4DAA-B37D-15724B7E0B3F} = {3B9DC156-3309-4791-9335-AEE128EE50B2}
		{991BFEDD-C5D6-4A01-8138-682A0D6115F3} = {F63DA620-5FD9-4E0A-855E-6A838B861348}
		{7FB5C88E-0A1A-4795-AE28-EBCA2818A0F7} = {F63DA620-5FD9-4E0A-855E-6A838B861348}
		{F405CCAE-C290-4184-B7D3-224D722F15A5} = {3B9DC156-3309-4791-9335-AEE128EE50B2}
		{F9479F9C-3CE3-4FF4-AC83-131CC4C2A08A} = {F405CCAE-C290-4184-B7D3-224D722F15A5}
		{2D3B280B-25B6-4792-B535-1876D131838F} = {F405CCAE-C290-4184-B7D3-224D722F15A5}
		{495983BF-2215-4B4D-AEDD-0602D479E56C} = {3B9DC156-3309-4791-9335-AEE128EE50B2}
		{B5A8CC88-C675-4CED-ABD9-EC5187A877D4} = {3B9DC156-3309-4791-9335-AEE128EE50B2}
		{14E2AA6A-CA52-45CA-987E-6FC6607C8066} = {B5A8CC88-C675-4CED-ABD9-EC5187A877D4}
		{6D861959-1069-43D9-8C4D-D13535A4E09A} = {B5A8CC88-C675-4CED-ABD9-EC5187A877D4}
		{F9877CF7-85A1-4229-A9AF-4D5933050561} = {495983BF-2215-4B4D-AEDD-0602D479E56C}
		{8DE5DBC1-AC8F-48AB-A5A9-9C119657CF8D} = {495983BF-2215-4B4D-AEDD-0602D479E56C}
		{CEB41129-4EAD-4209-90A1-97FD1BBE0441} = {F405CCAE-C290-4184-B7D3-224D722F15A5}
		{3E4FEB5C-54A1-4E94-B072-7DF67AFC897B} = {E499C707-9A41-4DAA-B37D-15724B7E0B3F}
		{4A219CEA-1672-4E34-B0F5-8ACAC402B353} = {F405CCAE-C290-4184-B7D3-224D722F15A5}
		{E680430D-057C-4088-971B-5D3DFA08685F} = {E499C707-9A41-4DAA-B37D-15724B7E0B3F}
		{3F1D1F4B-602D-49A5-AFFE-2CE64FE80B71} = {E499C707-9A41-4DAA-B37D-15724B7E0B3F}
		{ABE20562-088B-4DE1-A9EF-BD8A2284E328} = {E499C707-9A41-4DAA-B37D-15724B7E0B3F}
		{D9698140-F8B9-4F4F-945A-3513B482A923} = {E499C707-9A41-4DAA-B37D-15724B7E0B3F}
		{D80BDB44-71D4-421C-A306-4AE5DDDECE3B} = {E499C707-9A41-4DAA-B37D-15724B7E0B3F}
		{563F24EC-F97E-471B-8FC4-7ADE0A007DCA} = {E499C707-9A41-4DAA-B37D-15724B7E0B3F}
		{71ED9C73-2875-4AAA-9179-B0F5975707F2} = {3B9DC156-3309-4791-9335-AEE128EE50B2}
		{313B7C53-4CDE-46D1-88C5-21D31C8C4515} = {65BA2AB5-710B-44A4-91E9-E7A078F1375E}
		{BA880595-0C26-4919-9DB3-E12D4FC0F440} = {65BA2AB5-710B-44A4-91E9-E7A078F1375E}
		{DC113742-61FC-49A0-B3DD-4E4FED5058DC} = {65BA2AB5-710B-44A4-91E9-E7A078F1375E}
		{FA216907-D90D-400D-93ED-D347EB10D203} = {65BA2AB5-710B-44A4-91E9-E7A078F1375E}
		{79E72FB6-93C9-4FF1-8385-0C88320B370F} = {F405CCAE-C290-4184-B7D3-224D722F15A5}
		{810CCB2C-DBC4-4186-A1D0-9F574B1B6C24} = {E499C707-9A41-4DAA-B37D-15724B7E0B3F}
		{6C150125-9049-4C0D-A183-1E932F7FF21A} = {E499C707-9A41-4DAA-B37D-15724B7E0B3F}
		{AA9A9E6F-60F3-49C8-9F0C-2FF49EBD7F8D} = {65BA2AB5-710B-44A4-91E9-E7A078F1375E}
		{EBDD610E-C30B-44C3-9056-77F57387CB46} = {E499C707-9A41-4DAA-B37D-15724B7E0B3F}
		{916E821F-F606-4E99-BEAB-0BC35A3372BC} = {E499C707-9A41-4DAA-B37D-15724B7E0B3F}
		{8F205387-D2C6-4374-9462-26C0778AF5E5} = {E499C707-9A41-4DAA-B37D-15724B7E0B3F}
		{D5F4ADD6-44F9-4BC9-B99B-0E4B24237C73} = {B5A8CC88-C675-4CED-ABD9-EC5187A877D4}
		{2C78EBF1-288B-4255-B53F-009AE7366FD8} = {3B9DC156-3309-4791-9335-AEE128EE50B2}
		{60F8D03D-D0F3-40BE-9509-5EC753F63A5E} = {2C78EBF1-288B-4255-B53F-009AE7366FD8}
		{0C6E6EEC-D0F4-44B0-B1B3-C8258811E24A} = {60F8D03D-D0F3-40BE-9509-5EC753F63A5E}
		{6C0911D7-2B4F-41A8-954F-56C28E8EA864} = {ADA2BED9-D077-4A5A-8CC2-6585386EE284}
		{ADA2BED9-D077-4A5A-8CC2-6585386EE284} = {2C78EBF1-288B-4255-B53F-009AE7366FD8}
		{664B80B0-3927-4E6E-A124-A549D514675C} = {2C78EBF1-288B-4255-B53F-009AE7366FD8}
		{D952193A-42D9-4510-AB1C-53220807B920} = {B5A8CC88-C675-4CED-ABD9-EC5187A877D4}
		{47399A59-BF48-4783-A407-F9BA71234C5D} = {2C78EBF1-288B-4255-B53F-009AE7366FD8}
		{013118D1-A09C-40E4-A7AA-D902E5CBAAA4} = {47399A59-BF48-4783-A407-F9BA71234C5D}
		{2316E52C-8E63-49DB-84B3-A5C4BC01055F} = {65BA2AB5-710B-44A4-91E9-E7A078F1375E}
		{F1D55529-03A7-4A12-9BDD-E268EA4DE947} = {E499C707-9A41-4DAA-B37D-15724B7E0B3F}
		{26FC1000-2984-4312-9009-C9BD513D649F} = {495983BF-2215-4B4D-AEDD-0602D479E56C}
		{245F195B-2A57-4B49-9A80-921BBCE69E59} = {E499C707-9A41-4DAA-B37D-15724B7E0B3F}
		{9512F56F-4060-4939-9D33-EBF8FF4E0BBE} = {495983BF-2215-4B4D-AEDD-0602D479E56C}
		{A851F06E-7A72-408A-BE7B-81F83A459EDF} = {3B9DC156-3309-4791-9335-AEE128EE50B2}
		{64EABC05-3CC5-4D39-9816-F7BCC0EDD178} = {495983BF-2215-4B4D-AEDD-0602D479E56C}
		{833BB883-1C6D-4785-9C82-9EEA78165C23} = {495983BF-2215-4B4D-AEDD-0602D479E56C}
		{456B13FD-2997-474C-B83A-FCC825DB2E0D} = {495983BF-2215-4B4D-AEDD-0602D479E56C}
		{271FF224-751C-44D4-BF86-6F854D369A89} = {3B9DC156-3309-4791-9335-AEE128EE50B2}
		{86C0FCBB-1991-4019-89E1-CFB61F308818} = {271FF224-751C-44D4-BF86-6F854D369A89}
		{EC7B26DE-2744-43DE-A9F2-6C75B52533CD} = {495983BF-2215-4B4D-AEDD-0602D479E56C}
		{4ABDD478-E5AA-4985-9FE8-09FF1D02A16F} = {E499C707-9A41-4DAA-B37D-15724B7E0B3F}
		{22E892CC-28F1-4B00-9B0B-1A1FAB547DBF} = {E499C707-9A41-4DAA-B37D-15724B7E0B3F}
		{50B5AEAF-87B5-4A9E-85B0-0D65D5EF5B0C} = {E499C707-9A41-4DAA-B37D-15724B7E0B3F}
		{1935E830-DEEC-43A2-BD6E-276BB87844BC} = {E499C707-9A41-4DAA-B37D-15724B7E0B3F}
		{77DCCFC9-4FFC-4A77-9D3D-CD7DF249F989} = {B4388191-42A6-43FD-B47F-4CDB5AE73062}
		{B4388191-42A6-43FD-B47F-4CDB5AE73062} = {3B9DC156-3309-4791-9335-AEE128EE50B2}
		{41359E0E-5455-46DC-A91D-4118277F967C} = {E499C707-9A41-4DAA-B37D-15724B7E0B3F}
		{8E6DB353-7298-4AD0-A8B7-3349E6EC8FA3} = {E499C707-9A41-4DAA-B37D-15724B7E0B3F}
		{FBEDD0DA-7B82-475B-85C7-57965730531D} = {E499C707-9A41-4DAA-B37D-15724B7E0B3F}
		{65BA2AB5-710B-44A4-91E9-E7A078F1375E} = {71ED9C73-2875-4AAA-9179-B0F5975707F2}
		{58CAE62E-F582-4C22-B7F2-148E6C15678E} = {71ED9C73-2875-4AAA-9179-B0F5975707F2}
		{79150E12-0240-44A5-AE8E-C382C43089AA} = {58CAE62E-F582-4C22-B7F2-148E6C15678E}
		{C430CED6-9983-4A81-BABF-B028FBD293D9} = {58CAE62E-F582-4C22-B7F2-148E6C15678E}
		{EF3172A5-A40F-43E5-AE5D-43D5AB4E8657} = {58CAE62E-F582-4C22-B7F2-148E6C15678E}
		{4518AECE-D29A-41BB-98C0-8C51AD4FA957} = {58CAE62E-F582-4C22-B7F2-148E6C15678E}
		{51DFC0C8-213C-48FB-96E0-55B7629513FE} = {58CAE62E-F582-4C22-B7F2-148E6C15678E}
		{C0897F6F-726A-40BB-8138-336EAAFE4F5F} = {71ED9C73-2875-4AAA-9179-B0F5975707F2}
		{EB78BFEE-9E87-4C29-95EE-A4E7D6C670E6} = {C0897F6F-726A-40BB-8138-336EAAFE4F5F}
		{34EAA3C5-2584-4236-95A8-08552821186E} = {C0897F6F-726A-40BB-8138-336EAAFE4F5F}
		{A093BCDB-EB2A-4927-AEC8-CC4B4574F649} = {71ED9C73-2875-4AAA-9179-B0F5975707F2}
		{FFEF44C8-789D-44FD-A3F2-A4F7E88F2DAB} = {A093BCDB-EB2A-4927-AEC8-CC4B4574F649}
		{1726CFDC-AB45-4792-B261-2BCB4169E70C} = {A093BCDB-EB2A-4927-AEC8-CC4B4574F649}
		{E9CC6B80-3092-4DF1-8CB8-ED4BBAA57C8D} = {E499C707-9A41-4DAA-B37D-15724B7E0B3F}
		{28049674-EC59-411B-AB57-F0B46CBC412B} = {E499C707-9A41-4DAA-B37D-15724B7E0B3F}
		{7388C815-C5E3-4B7B-8219-CFF50469C1F6} = {E499C707-9A41-4DAA-B37D-15724B7E0B3F}
		{9BBC465A-1A3F-4756-98B8-47D42F9A47FA} = {71ED9C73-2875-4AAA-9179-B0F5975707F2}
		{F04A8801-FC8C-4F17-A7D9-81BDB2FDB24F} = {9BBC465A-1A3F-4756-98B8-47D42F9A47FA}
		{655E3813-AF73-4561-AC82-5D11F31D7996} = {9BBC465A-1A3F-4756-98B8-47D42F9A47FA}
		{6CCD42EC-9D75-4A60-8CD7-93683B5448A2} = {71ED9C73-2875-4AAA-9179-B0F5975707F2}
		{856FE34A-8FA5-49E2-844F-FCDB03D1A255} = {6CCD42EC-9D75-4A60-8CD7-93683B5448A2}
		{9830B566-3513-4DA6-A579-2363ADCC3876} = {6CCD42EC-9D75-4A60-8CD7-93683B5448A2}
		{ABD6A783-37DB-422E-816C-82E8ABF16185} = {6CCD42EC-9D75-4A60-8CD7-93683B5448A2}
		{F5A0906D-DA7E-4435-935F-94451A574D0E} = {6CCD42EC-9D75-4A60-8CD7-93683B5448A2}
		{A8BA858E-60ED-4CAC-93CA-3BD0E8A44321} = {6CCD42EC-9D75-4A60-8CD7-93683B5448A2}
		{A0FA309B-3A2E-4131-A653-AEE1B11115B9} = {E499C707-9A41-4DAA-B37D-15724B7E0B3F}
		{9F4D2728-1197-4E53-A092-B1C20D1D0076} = {71ED9C73-2875-4AAA-9179-B0F5975707F2}
		{A892D626-CF3A-4080-8B10-01293C4DD570} = {9F4D2728-1197-4E53-A092-B1C20D1D0076}
		{3D7B4EFA-1CB9-41BD-AC79-D43D7662F75D} = {9F4D2728-1197-4E53-A092-B1C20D1D0076}
	EndGlobalSection
	GlobalSection(TeamFoundationVersionControl) = preSolution
		SccNumberOfProjects = 87
		SccEnterpriseProvider = {4CA58AB2-18FA-4F8D-95D4-32DDF27D184C}
		SccTeamFoundationServer = https://tfs.ptsecurity.ru/tfs/webecosystem
		SccLocalPath0 = .
		SccProjectUniqueName1 = Data\\Database\\Database.sqlproj
		SccProjectTopLevelParentUniqueName1 = UI.Sdl.sln
		SccProjectName1 = Data/Database
		SccLocalPath1 = Data\\Database
		SccProjectUniqueName2 = Setup\\UI\\Setup.UI\\Setup.UI.wixproj
		SccProjectTopLevelParentUniqueName2 = UI.Sdl.sln
		SccProjectName2 = Setup/UI/Setup.UI
		SccLocalPath2 = Setup\\UI\\Setup.UI
		SccProjectUniqueName3 = Setup\\Core\\Setup.Core\\Setup.Core.wixproj
		SccProjectTopLevelParentUniqueName3 = UI.Sdl.sln
		SccProjectName3 = Setup/Core/Setup.Core
		SccLocalPath3 = Setup\\Core\\Setup.Core
		SccProjectUniqueName4 = Setup\\Setup\\Setup.wixproj
		SccProjectTopLevelParentUniqueName4 = UI.Sdl.sln
		SccProjectName4 = Setup/Setup
		SccLocalPath4 = Setup\\Setup
		SccProjectUniqueName5 = Setup\\SA\\Setup.SA\\Setup.SA.wixproj
		SccProjectTopLevelParentUniqueName5 = UI.Sdl.sln
		SccProjectName5 = Setup/SA/Setup.SA
		SccLocalPath5 = Setup\\SA\\Setup.SA
		SccProjectUniqueName6 = Common\\Common\\Common.csproj
		SccProjectTopLevelParentUniqueName6 = UI.Sdl.sln
		SccProjectName6 = Common/Common
		SccLocalPath6 = Common\\Common
		SccProjectUniqueName7 = Infrastructure\\Infrastructure.Plugins.Common.Contracts\\Infrastructure.Plugins.Common.Contracts.csproj
		SccProjectTopLevelParentUniqueName7 = UI.Sdl.sln
		SccProjectName7 = Infrastructure/Infrastructure.Plugins.Common.Contracts
		SccLocalPath7 = Infrastructure\\Infrastructure.Plugins.Common.Contracts
		SccProjectUniqueName8 = Infrastructure\\Infrastructure.Plugins.ScanAgent.Contracts\\Infrastructure.Plugins.ScanAgent.Contracts.csproj
		SccProjectTopLevelParentUniqueName8 = UI.Sdl.sln
		SccProjectName8 = Infrastructure/Infrastructure.Plugins.ScanAgent.Contracts
		SccLocalPath8 = Infrastructure\\Infrastructure.Plugins.ScanAgent.Contracts
		SccProjectUniqueName9 = Infrastructure\\Infrastructure.Plugins.ScanAgent.Client.Contracts\\Infrastructure.Plugins.ScanAgent.Client.Contracts.csproj
		SccProjectTopLevelParentUniqueName9 = UI.Sdl.sln
		SccProjectName9 = Infrastructure/Infrastructure.Plugins.ScanAgent.Client.Contracts
		SccLocalPath9 = Infrastructure\\Infrastructure.Plugins.ScanAgent.Client.Contracts
		SccProjectUniqueName10 = Infrastructure\\Infrastructure.RequestHandling.Contracts\\Infrastructure.RequestHandling.Contracts.csproj
		SccProjectTopLevelParentUniqueName10 = UI.Sdl.sln
		SccProjectName10 = Infrastructure/Infrastructure.RequestHandling.Contracts
		SccLocalPath10 = Infrastructure\\Infrastructure.RequestHandling.Contracts
		SccProjectUniqueName11 = Data\\Repository\\Repository.csproj
		SccProjectTopLevelParentUniqueName11 = UI.Sdl.sln
		SccProjectName11 = Data/Repository
		SccLocalPath11 = Data\\Repository
		SccProjectUniqueName12 = Infrastructure\\infrastructure.Scheduler\\Infrastructure.Scheduler.csproj
		SccProjectTopLevelParentUniqueName12 = UI.Sdl.sln
		SccProjectName12 = Infrastructure/infrastructure.Scheduler
		SccLocalPath12 = Infrastructure\\infrastructure.Scheduler
		SccProjectUniqueName13 = Modules\\Modules.Core.Contracts\\Modules.Core.Contracts.csproj
		SccProjectTopLevelParentUniqueName13 = UI.Sdl.sln
		SccProjectName13 = Modules/Modules.Core.Contracts
		SccLocalPath13 = Modules\\Modules.Core.Contracts
		SccProjectUniqueName14 = Data\\DbUpdateCommon\\DbUpdateCommon.csproj
		SccProjectTopLevelParentUniqueName14 = UI.Sdl.sln
		SccProjectName14 = Data/DbUpdateCommon
		SccLocalPath14 = Data\\DbUpdateCommon
		SccProjectUniqueName15 = Data\\DbActions\\DbActions.csproj
		SccProjectTopLevelParentUniqueName15 = UI.Sdl.sln
		SccProjectName15 = Data/DbActions
		SccLocalPath15 = Data\\DbActions
		SccProjectUniqueName16 = Data\\Packages\\Packages.csproj
		SccProjectTopLevelParentUniqueName16 = UI.Sdl.sln
		SccProjectName16 = Data/Packages
		SccLocalPath16 = Data\\Packages
		SccProjectUniqueName17 = Data\\DbMigrations\\DbMigrations.csproj
		SccProjectTopLevelParentUniqueName17 = UI.Sdl.sln
		SccProjectName17 = Data/DbMigrations
		SccLocalPath17 = Data\\DbMigrations
		SccProjectUniqueName18 = Infrastructure\\Infrastructure\\Infrastructure.csproj
		SccProjectTopLevelParentUniqueName18 = UI.Sdl.sln
		SccProjectName18 = Infrastructure/Infrastructure
		SccLocalPath18 = Infrastructure\\Infrastructure
		SccProjectUniqueName19 = Infrastructure\\Infrastructure.AD\\Infrastructure.AD.csproj
		SccProjectTopLevelParentUniqueName19 = UI.Sdl.sln
		SccProjectName19 = Infrastructure/Infrastructure.AD
		SccLocalPath19 = Infrastructure\\Infrastructure.AD
		SccProjectUniqueName20 = Infrastructure\\Infrastructure.Engines.Dsl\\Infrastructure.Engines.Dsl.csproj
		SccProjectTopLevelParentUniqueName20 = UI.Sdl.sln
		SccProjectName20 = Infrastructure/Infrastructure.Engines.Dsl
		SccLocalPath20 = Infrastructure\\Infrastructure.Engines.Dsl
		SccProjectUniqueName21 = Infrastructure\\Infrastructure.Engines\\Infrastructure.Engines.csproj
		SccProjectTopLevelParentUniqueName21 = UI.Sdl.sln
		SccProjectName21 = Infrastructure/Infrastructure.Engines
		SccLocalPath21 = Infrastructure\\Infrastructure.Engines
		SccProjectUniqueName22 = Infrastructure\\Infrastructure.Notifications\\Infrastructure.Notifications.csproj
		SccProjectTopLevelParentUniqueName22 = UI.Sdl.sln
		SccProjectName22 = Infrastructure/Infrastructure.Notifications
		SccLocalPath22 = Infrastructure\\Infrastructure.Notifications
		SccProjectUniqueName23 = Infrastructure\\Infrastructure.Plugins.Contracts\\Infrastructure.Plugins.Contracts.csproj
		SccProjectTopLevelParentUniqueName23 = UI.Sdl.sln
		SccProjectName23 = Infrastructure/Infrastructure.Plugins.Contracts
		SccLocalPath23 = Infrastructure\\Infrastructure.Plugins.Contracts
		SccProjectUniqueName24 = Infrastructure\\Infrastructure.Plugins.ScanAgent.Server.Contracts\\Infrastructure.Plugins.ScanAgent.Server.Contracts.csproj
		SccProjectTopLevelParentUniqueName24 = UI.Sdl.sln
		SccProjectName24 = Infrastructure/Infrastructure.Plugins.ScanAgent.Server.Contracts
		SccLocalPath24 = Infrastructure\\Infrastructure.Plugins.ScanAgent.Server.Contracts
		SccProjectUniqueName25 = Infrastructure\\Infrastructure.Plugins\\Infrastructure.Plugins.csproj
		SccProjectTopLevelParentUniqueName25 = UI.Sdl.sln
		SccProjectName25 = Infrastructure/Infrastructure.Plugins
		SccLocalPath25 = Infrastructure\\Infrastructure.Plugins
		SccProjectUniqueName26 = Infrastructure\\Infrastructure.Query\\Infrastructure.Query.csproj
		SccProjectTopLevelParentUniqueName26 = UI.Sdl.sln
		SccProjectName26 = Infrastructure/Infrastructure.Query
		SccLocalPath26 = Infrastructure\\Infrastructure.Query
		SccProjectUniqueName27 = Infrastructure\\Infrastructure.UserInterface\\Infrastructure.UserInterface.csproj
		SccProjectTopLevelParentUniqueName27 = UI.Sdl.sln
		SccProjectName27 = Infrastructure/Infrastructure.UserInterface
		SccLocalPath27 = Infrastructure\\Infrastructure.UserInterface
		SccProjectUniqueName28 = Infrastructure\\Infrastructure.Reports\\Infrastructure.Reports.csproj
		SccProjectTopLevelParentUniqueName28 = UI.Sdl.sln
		SccProjectName28 = Infrastructure/Infrastructure.Reports
		SccLocalPath28 = Infrastructure\\Infrastructure.Reports
		SccProjectUniqueName29 = Infrastructure\\Infrastructure.RequestHandling\\Infrastructure.RequestHandling.csproj
		SccProjectTopLevelParentUniqueName29 = UI.Sdl.sln
		SccProjectName29 = Infrastructure/Infrastructure.RequestHandling
		SccLocalPath29 = Infrastructure\\Infrastructure.RequestHandling
		SccProjectUniqueName30 = Infrastructure\\Infrastructure.Rules\\Infrastructure.Rules.csproj
		SccProjectTopLevelParentUniqueName30 = UI.Sdl.sln
		SccProjectName30 = Infrastructure/Infrastructure.Rules
		SccLocalPath30 = Infrastructure\\Infrastructure.Rules
		SccProjectUniqueName31 = Workflow\\Workflow\\Workflow.csproj
		SccProjectTopLevelParentUniqueName31 = UI.Sdl.sln
		SccProjectName31 = Workflow/Workflow
		SccLocalPath31 = Workflow\\Workflow
		SccProjectUniqueName32 = Workflow\\Workflow.GitHub\\Workflow.GitHub.csproj
		SccProjectTopLevelParentUniqueName32 = UI.Sdl.sln
		SccProjectName32 = Workflow/Workflow.GitHub
		SccLocalPath32 = Workflow\\Workflow.GitHub
		SccProjectUniqueName33 = Workflow\\Workflow.SA\\Workflow.SA.csproj
		SccProjectTopLevelParentUniqueName33 = UI.Sdl.sln
		SccProjectName33 = Workflow/Workflow.SA
		SccLocalPath33 = Workflow\\Workflow.SA
		SccProjectUniqueName34 = Plugins\\Plugins.Tfs\\Plugins.Tfs.csproj
		SccProjectTopLevelParentUniqueName34 = UI.Sdl.sln
		SccProjectName34 = Plugins/Plugins.Tfs
		SccLocalPath34 = Plugins\\Plugins.Tfs
		SccProjectUniqueName35 = Plugins\\Plugins.GitLab\\Plugins.GitLab.csproj
		SccProjectTopLevelParentUniqueName35 = UI.Sdl.sln
		SccProjectName35 = Plugins/Plugins.GitLab
		SccLocalPath35 = Plugins\\Plugins.GitLab
		SccProjectUniqueName36 = Plugins\\Plugins.GitHub\\Plugins.GitHub.csproj
		SccProjectTopLevelParentUniqueName36 = UI.Sdl.sln
		SccProjectName36 = Plugins/Plugins.GitHub
		SccLocalPath36 = Plugins\\Plugins.GitHub
		SccProjectUniqueName37 = Plugins\\Plugins.GitHub.Vcs\\Plugins.GitHub.Vcs.csproj
		SccProjectTopLevelParentUniqueName37 = UI.Sdl.sln
		SccProjectName37 = Plugins/Plugins.GitHub.Vcs
		SccLocalPath37 = Plugins\\Plugins.GitHub.Vcs
		SccProjectUniqueName38 = Plugins\\Plugins.GitLab.Vcs\\Plugins.GitLab.Vcs.csproj
		SccProjectTopLevelParentUniqueName38 = UI.Sdl.sln
		SccProjectName38 = Plugins/Plugins.GitLab.Vcs
		SccLocalPath38 = Plugins\\Plugins.GitLab.Vcs
		SccProjectUniqueName39 = Plugins\\Plugins.GitLab.It\\Plugins.GitLab.It.csproj
		SccProjectTopLevelParentUniqueName39 = UI.Sdl.sln
		SccProjectName39 = Plugins/Plugins.GitLab.It
		SccLocalPath39 = Plugins\\Plugins.GitLab.It
		SccProjectUniqueName40 = Plugins\\Plugins.GitHub.It\\Plugins.GitHub.It.csproj
		SccProjectTopLevelParentUniqueName40 = UI.Sdl.sln
		SccProjectName40 = Plugins/Plugins.GitHub.It
		SccLocalPath40 = Plugins\\Plugins.GitHub.It
		SccProjectUniqueName41 = Plugins\\Plugins.SharedFolder\\Plugins.SharedFolder.csproj
		SccProjectTopLevelParentUniqueName41 = UI.Sdl.sln
		SccProjectName41 = Plugins/Plugins.SharedFolder
		SccLocalPath41 = Plugins\\Plugins.SharedFolder
		SccProjectUniqueName42 = Plugins\\Plugins.Tfs.It\\Plugins.Tfs.It.csproj
		SccProjectTopLevelParentUniqueName42 = UI.Sdl.sln
		SccProjectName42 = Plugins/Plugins.Tfs.It
		SccLocalPath42 = Plugins\\Plugins.Tfs.It
		SccProjectUniqueName43 = Plugins\\Plugins.Tfs.Vcs\\Plugins.Tfs.Vcs.csproj
		SccProjectTopLevelParentUniqueName43 = UI.Sdl.sln
		SccProjectName43 = Plugins/Plugins.Tfs.Vcs
		SccLocalPath43 = Plugins\\Plugins.Tfs.Vcs
		SccProjectUniqueName44 = Plugins\\Plugins.Ftp\\Plugins.Ftp.csproj
		SccProjectTopLevelParentUniqueName44 = UI.Sdl.sln
		SccProjectName44 = Plugins/Plugins.Ftp
		SccLocalPath44 = Plugins\\Plugins.Ftp
		SccProjectUniqueName45 = Modules\\Modules.Core\\Modules.Core.csproj
		SccProjectTopLevelParentUniqueName45 = UI.Sdl.sln
		SccProjectName45 = Modules/Modules.Core
		SccLocalPath45 = Modules\\Modules.Core
		SccProjectUniqueName46 = Modules\\Modules.SA\\Modules.SA.csproj
		SccProjectTopLevelParentUniqueName46 = UI.Sdl.sln
		SccProjectName46 = Modules/Modules.SA
		SccLocalPath46 = Modules\\Modules.SA
		SccProjectUniqueName47 = Modules\\Modules.UI\\Modules.UI.csproj
		SccProjectName47 = Modules/Modules.UI
		SccLocalPath47 = Modules\\Modules.UI
		SccProjectUniqueName48 = Common\\Common.Test\\Common.Tests.csproj
		SccProjectTopLevelParentUniqueName48 = UI.Sdl.sln
		SccProjectName48 = Common/Common.Test
		SccLocalPath48 = Common\\Common.Test
		SccProjectUniqueName49 = Modules\\Modules.Core.Tests\\Modules.Core.Tests.csproj
		SccProjectTopLevelParentUniqueName49 = UI.Sdl.sln
		SccProjectName49 = Modules/Modules.Core.Tests
		SccLocalPath49 = Modules\\Modules.Core.Tests
		SccProjectUniqueName50 = Infrastructure\\Infrastructure.Scheduler.Tests\\Infrastructure.Scheduler.Tests.csproj
		SccProjectTopLevelParentUniqueName50 = UI.Sdl.sln
		SccProjectName50 = Infrastructure/Infrastructure.Scheduler.Tests
		SccLocalPath50 = Infrastructure\\Infrastructure.Scheduler.Tests
		SccProjectUniqueName51 = Infrastructure\\Infrastructure.AD.Tests\\Infrastructure.AD.Tests.csproj
		SccProjectTopLevelParentUniqueName51 = UI.Sdl.sln
		SccProjectName51 = Infrastructure/Infrastructure.AD.Tests
		SccLocalPath51 = Infrastructure\\Infrastructure.AD.Tests
		SccProjectUniqueName52 = Infrastructure\\Infrastructure.Plugins.Tests\\Infrastructure.Plugins.Tests.csproj
		SccProjectTopLevelParentUniqueName52 = UI.Sdl.sln
		SccProjectName52 = Infrastructure/Infrastructure.Plugins.Tests
		SccLocalPath52 = Infrastructure\\Infrastructure.Plugins.Tests
		SccProjectUniqueName53 = Plugins\\Plugins.GitHub.It.Tests\\Plugins.GitHub.It.Tests.csproj
		SccProjectTopLevelParentUniqueName53 = UI.Sdl.sln
		SccProjectName53 = Plugins/Plugins.GitHub.It.Tests
		SccLocalPath53 = Plugins\\Plugins.GitHub.It.Tests
		SccProjectUniqueName54 = Plugins\\Plugins.GitHub.Vcs.Tests\\Plugins.GitHub.Vcs.Tests.csproj
		SccProjectTopLevelParentUniqueName54 = UI.Sdl.sln
		SccProjectName54 = Plugins/Plugins.GitHub.Vcs.Tests
		SccLocalPath54 = Plugins\\Plugins.GitHub.Vcs.Tests
		SccProjectUniqueName55 = Modules\\Modules.SA.Tests\\Modules.SA.Tests.csproj
		SccProjectTopLevelParentUniqueName55 = UI.Sdl.sln
		SccProjectName55 = Modules/Modules.SA.Tests
		SccLocalPath55 = Modules\\Modules.SA.Tests
		SccProjectUniqueName56 = Infrastructure\\Infrastructure.Engines.Dsl.Tests\\Infrastructure.Engines.Dsl.Tests.csproj
		SccProjectTopLevelParentUniqueName56 = UI.Sdl.sln
		SccProjectName56 = Infrastructure/Infrastructure.Engines.Dsl.Tests
		SccLocalPath56 = Infrastructure\\Infrastructure.Engines.Dsl.Tests
		SccProjectUniqueName57 = Infrastructure\\Infrastructure.Tests\\Infrastructure.Tests.csproj
		SccProjectTopLevelParentUniqueName57 = UI.Sdl.sln
		SccProjectName57 = Infrastructure/Infrastructure.Tests
		SccLocalPath57 = Infrastructure\\Infrastructure.Tests
		SccProjectUniqueName58 = Infrastructure\\Infrastructure.Engines.Tests\\Infrastructure.Engines.Tests.csproj
		SccProjectTopLevelParentUniqueName58 = UI.Sdl.sln
		SccProjectName58 = Infrastructure/Infrastructure.Engines.Tests
		SccLocalPath58 = Infrastructure\\Infrastructure.Engines.Tests
		SccProjectUniqueName59 = Workflow\\Workflow.Tests\\Workflow.Tests.csproj
		SccProjectTopLevelParentUniqueName59 = UI.Sdl.sln
		SccProjectName59 = Workflow/Workflow.Tests
		SccLocalPath59 = Workflow\\Workflow.Tests
		SccProjectUniqueName60 = Plugins\\Plugins.GitHub.Load.Tests\\Plugins.GitHub.Load.Tests.csproj
		SccProjectTopLevelParentUniqueName60 = UI.Sdl.sln
		SccProjectName60 = Plugins/Plugins.GitHub.Load.Tests
		SccLocalPath60 = Plugins\\Plugins.GitHub.Load.Tests
		SccProjectUniqueName61 = Data\\Repository.Tests\\Repository.Tests.csproj
		SccProjectTopLevelParentUniqueName61 = UI.Sdl.sln
		SccProjectName61 = Data/Repository.Tests
		SccLocalPath61 = Data\\Repository.Tests
		SccProjectUniqueName62 = Data\\DbMigrations.Install\\DbMigrations.Install.csproj
		SccProjectTopLevelParentUniqueName62 = UI.Sdl.sln
		SccProjectName62 = Data/DbMigrations.Install
		SccLocalPath62 = Data\\DbMigrations.Install
		SccProjectUniqueName63 = Tests\\SolutionTests\\SolutionTests.csproj
		SccProjectTopLevelParentUniqueName63 = UI.Sdl.sln
		SccProjectName63 = Tests/SolutionTests
		SccLocalPath63 = Tests\\SolutionTests
		SccProjectUniqueName64 = Infrastructure\\Infrastructure.Query.Tests\\Infrastructure.Query.Tests.csproj
		SccProjectTopLevelParentUniqueName64 = UI.Sdl.sln
		SccProjectName64 = Infrastructure/Infrastructure.Query.Tests
		SccLocalPath64 = Infrastructure\\Infrastructure.Query.Tests
		SccProjectUniqueName65 = Automation\\PackageVersionsHelper\\PackageVersionsHelper.csproj
		SccProjectTopLevelParentUniqueName65 = UI.Sdl.sln
		SccProjectName65 = Automation/PackageVersionsHelper
		SccLocalPath65 = Automation\\PackageVersionsHelper
		SccProjectUniqueName66 = Infrastructure\\Infrastructure.Reports.Tests\\Infrastructure.Reports.Tests.csproj
		SccProjectTopLevelParentUniqueName66 = UI.Sdl.sln
		SccProjectName66 = Infrastructure/Infrastructure.Reports.Tests
		SccLocalPath66 = Infrastructure\\Infrastructure.Reports.Tests
		SccProjectUniqueName67 = Plugins\\Plugins.Tfs.Vcs.Tests\\Plugins.Tfs.Vcs.Tests.csproj
		SccProjectTopLevelParentUniqueName67 = UI.Sdl.sln
		SccProjectName67 = Plugins/Plugins.Tfs.Vcs.Tests
		SccLocalPath67 = Plugins\\Plugins.Tfs.Vcs.Tests
		SccProjectUniqueName68 = Plugins\\Plugins.Tfs.It.Tests\\Plugins.Tfs.It.Tests.csproj
		SccProjectTopLevelParentUniqueName68 = UI.Sdl.sln
		SccProjectName68 = Plugins/Plugins.Tfs.It.Tests
		SccLocalPath68 = Plugins\\Plugins.Tfs.It.Tests
		SccProjectUniqueName69 = Plugins\\Plugins.Ftp.Tests\\Plugins.Ftp.Tests.csproj
		SccProjectTopLevelParentUniqueName69 = UI.Sdl.sln
		SccProjectName69 = Plugins/Plugins.Ftp.Tests
		SccLocalPath69 = Plugins\\Plugins.Ftp.Tests
		SccProjectUniqueName70 = Plugins\\Plugins.SharedFolder.Tests\\Plugins.SharedFolder.Tests.csproj
		SccProjectTopLevelParentUniqueName70 = UI.Sdl.sln
		SccProjectName70 = Plugins/Plugins.SharedFolder.Tests
		SccLocalPath70 = Plugins\\Plugins.SharedFolder.Tests
		SccProjectUniqueName71 = Infrastructure\\Infrastructure.Notifications.Tests\\Infrastructure.Notifications.Tests.csproj
		SccProjectTopLevelParentUniqueName71 = UI.Sdl.sln
		SccProjectName71 = Infrastructure/Infrastructure.Notifications.Tests
		SccLocalPath71 = Infrastructure\\Infrastructure.Notifications.Tests
		SccProjectUniqueName72 = Plugins\\Plugins.Git.Vcs\\Plugins.Git.Vcs.csproj
		SccProjectTopLevelParentUniqueName72 = UI.Sdl.sln
		SccProjectName72 = Plugins/Plugins.Git.Vcs
		SccLocalPath72 = Plugins\\Plugins.Git.Vcs
		SccProjectUniqueName73 = Plugins\\Plugins.Git.Vcs.Tests\\Plugins.Git.Vcs.Tests.csproj
		SccProjectTopLevelParentUniqueName73 = UI.Sdl.sln
		SccProjectName73 = Plugins/Plugins.Git.Vcs.Tests
		SccLocalPath73 = Plugins\\Plugins.Git.Vcs.Tests
		SccProjectUniqueName74 = Plugins\\Plugins.GitLab.Vcs.Tests\\Plugins.GitLab.Vcs.Tests.csproj
		SccProjectTopLevelParentUniqueName74 = UI.Sdl.sln
		SccProjectName74 = Plugins/Plugins.GitLab.Vcs.Tests
		SccLocalPath74 = Plugins\\Plugins.GitLab.Vcs.Tests
		SccProjectUniqueName75 = Plugins\\Plugins.GitLab.It.Tests\\Plugins.GitLab.It.Tests.csproj
		SccProjectTopLevelParentUniqueName75 = UI.Sdl.sln
		SccProjectName75 = Plugins/Plugins.GitLab.It.Tests
		SccLocalPath75 = Plugins\\Plugins.GitLab.It.Tests
		SccProjectUniqueName84 = Infrastructure\\Infrastructure.Plugins.Common\\Infrastructure.Plugins.Common.csproj
		SccProjectTopLevelParentUniqueName84 = UI.Sdl.sln
		SccProjectName84 = Infrastructure/Infrastructure.Plugins.Common
		SccLocalPath84 = Infrastructure\\Infrastructure.Plugins.Common
		SccProjectUniqueName85 = Plugins\\Plugins.Rtc.It.Tests\\Plugins.Rtc.It.Tests.csproj
		SccProjectTopLevelParentUniqueName85 = UI.Sdl.sln
		SccProjectName85 = Plugins/Plugins.Rtc.It.Tests
		SccLocalPath85 = Plugins\\Plugins.Rtc.It.Tests
		SccProjectUniqueName86 = Plugins\\Plugins.Rtc.It\\Plugins.Rtc.It.csproj
		SccProjectTopLevelParentUniqueName86 = UI.Sdl.sln
		SccProjectName86 = Plugins/Plugins.Rtc.It
		SccLocalPath86 = Plugins\\Plugins.Rtc.It
	EndGlobalSection
EndGlobal
